// !$*UTF8*$!
{
	archiveVersion = 1;
	classes = {
	};
	objectVersion = 50;
	objects = {

/* Begin PBXBuildFile section */
		2904C7642336982B00407B64 /* AppDelegate.swift in Sources */ = {isa = PBXBuildFile; fileRef = 2904C7632336982B00407B64 /* AppDelegate.swift */; };
		2904C76E2336982D00407B64 /* Assets.xcassets in Resources */ = {isa = PBXBuildFile; fileRef = 2904C76D2336982D00407B64 /* Assets.xcassets */; };
		2904C7712336982D00407B64 /* LaunchScreen.storyboard in Resources */ = {isa = PBXBuildFile; fileRef = 2904C76F2336982D00407B64 /* LaunchScreen.storyboard */; };
		2904C77C2336982D00407B64 /* CinemaTests.swift in Sources */ = {isa = PBXBuildFile; fileRef = 2904C77B2336982D00407B64 /* CinemaTests.swift */; };
		2904C7872336982D00407B64 /* CinemaUITests.swift in Sources */ = {isa = PBXBuildFile; fileRef = 2904C7862336982D00407B64 /* CinemaUITests.swift */; };
		2904C79A2336A50F00407B64 /* DateMovieVC.swift in Sources */ = {isa = PBXBuildFile; fileRef = 2904C7992336A50F00407B64 /* DateMovieVC.swift */; };
		2904C79C2336A60C00407B64 /* MovieManager.swift in Sources */ = {isa = PBXBuildFile; fileRef = 2904C79B2336A60C00407B64 /* MovieManager.swift */; };
		2904C79E2336A69100407B64 /* Movie.swift in Sources */ = {isa = PBXBuildFile; fileRef = 2904C79D2336A69100407B64 /* Movie.swift */; };
		2904C7A02336A69B00407B64 /* Showing.swift in Sources */ = {isa = PBXBuildFile; fileRef = 2904C79F2336A69B00407B64 /* Showing.swift */; };
		2904C7A32336B09100407B64 /* Extensions.swift in Sources */ = {isa = PBXBuildFile; fileRef = 2904C7A22336B09100407B64 /* Extensions.swift */; };
		2904C7A52337D23F00407B64 /* NavigationButton.swift in Sources */ = {isa = PBXBuildFile; fileRef = 2904C7A42337D23F00407B64 /* NavigationButton.swift */; };
		2904C7A7233825D800407B64 /* DateManager.swift in Sources */ = {isa = PBXBuildFile; fileRef = 2904C7A6233825D800407B64 /* DateManager.swift */; };
		2904C7AF23393A4E00407B64 /* SegmentedControl.swift in Sources */ = {isa = PBXBuildFile; fileRef = 2904C7AE23393A4E00407B64 /* SegmentedControl.swift */; };
		2904C7B6233BC6F700407B64 /* Constants.swift in Sources */ = {isa = PBXBuildFile; fileRef = 2904C7B5233BC6F700407B64 /* Constants.swift */; };
		2904C7B8233BDE3000407B64 /* DateShowingVC.swift in Sources */ = {isa = PBXBuildFile; fileRef = 2904C7B7233BDE3000407B64 /* DateShowingVC.swift */; };
		2904C7BB233BE7F600407B64 /* DateContainerCell.swift in Sources */ = {isa = PBXBuildFile; fileRef = 2904C7B9233BE7F600407B64 /* DateContainerCell.swift */; };
		2904C7BC233BE7F600407B64 /* DateContainerCell.xib in Resources */ = {isa = PBXBuildFile; fileRef = 2904C7BA233BE7F600407B64 /* DateContainerCell.xib */; };
		2904C9E6233EB5F100407B64 /* MovieContainerVC.swift in Sources */ = {isa = PBXBuildFile; fileRef = 2904C9E5233EB5F100407B64 /* MovieContainerVC.swift */; };
		2904C9E9233FB4D600407B64 /* MovieView.xib in Resources */ = {isa = PBXBuildFile; fileRef = 2904C9E8233FB4D600407B64 /* MovieView.xib */; };
		2904C9ED233FB76E00407B64 /* MovieView.swift in Sources */ = {isa = PBXBuildFile; fileRef = 2904C9EC233FB76E00407B64 /* MovieView.swift */; };
		2904C9EF233FF53100407B64 /* MovieViewVC.swift in Sources */ = {isa = PBXBuildFile; fileRef = 2904C9EE233FF53100407B64 /* MovieViewVC.swift */; };
		2904C9F12341208400407B64 /* MovieShowingVC.swift in Sources */ = {isa = PBXBuildFile; fileRef = 2904C9F02341208400407B64 /* MovieShowingVC.swift */; };
		2904D0712353C79B00407B64 /* OptionsVC.swift in Sources */ = {isa = PBXBuildFile; fileRef = 2904D0702353C79B00407B64 /* OptionsVC.swift */; };
		2904D0742353C7CC00407B64 /* OptionsCell.swift in Sources */ = {isa = PBXBuildFile; fileRef = 2904D0722353C7CC00407B64 /* OptionsCell.swift */; };
		2904D0752353C7CC00407B64 /* OptionsCell.xib in Resources */ = {isa = PBXBuildFile; fileRef = 2904D0732353C7CC00407B64 /* OptionsCell.xib */; };
		2904D0772354D48E00407B64 /* ContainerVC.swift in Sources */ = {isa = PBXBuildFile; fileRef = 2904D0762354D48E00407B64 /* ContainerVC.swift */; };
		2904D07B2355111900407B64 /* DateContainerVC.swift in Sources */ = {isa = PBXBuildFile; fileRef = 2904D07A2355111900407B64 /* DateContainerVC.swift */; };
		2904D09F2358CFB000407B64 /* NetworkImageView.swift in Sources */ = {isa = PBXBuildFile; fileRef = 2904D09E2358CFB000407B64 /* NetworkImageView.swift */; };
		2904D0A2235A4CB300407B64 /* MovieShowingCell.swift in Sources */ = {isa = PBXBuildFile; fileRef = 2904D0A0235A4CB300407B64 /* MovieShowingCell.swift */; };
		2904D0A3235A4CB300407B64 /* MovieShowingCell.xib in Resources */ = {isa = PBXBuildFile; fileRef = 2904D0A1235A4CB300407B64 /* MovieShowingCell.xib */; };
/* End PBXBuildFile section */

/* Begin PBXContainerItemProxy section */
		2904C7782336982D00407B64 /* PBXContainerItemProxy */ = {
			isa = PBXContainerItemProxy;
			containerPortal = 2904C7582336982B00407B64 /* Project object */;
			proxyType = 1;
			remoteGlobalIDString = 2904C75F2336982B00407B64;
			remoteInfo = Cinema;
		};
		2904C7832336982D00407B64 /* PBXContainerItemProxy */ = {
			isa = PBXContainerItemProxy;
			containerPortal = 2904C7582336982B00407B64 /* Project object */;
			proxyType = 1;
			remoteGlobalIDString = 2904C75F2336982B00407B64;
			remoteInfo = Cinema;
		};
/* End PBXContainerItemProxy section */

/* Begin PBXFileReference section */
		2904C7602336982B00407B64 /* Cinema.app */ = {isa = PBXFileReference; explicitFileType = wrapper.application; includeInIndex = 0; path = Cinema.app; sourceTree = BUILT_PRODUCTS_DIR; };
		2904C7632336982B00407B64 /* AppDelegate.swift */ = {isa = PBXFileReference; lastKnownFileType = sourcecode.swift; path = AppDelegate.swift; sourceTree = "<group>"; };
		2904C76D2336982D00407B64 /* Assets.xcassets */ = {isa = PBXFileReference; lastKnownFileType = folder.assetcatalog; path = Assets.xcassets; sourceTree = "<group>"; };
		2904C7702336982D00407B64 /* Base */ = {isa = PBXFileReference; lastKnownFileType = file.storyboard; name = Base; path = Base.lproj/LaunchScreen.storyboard; sourceTree = "<group>"; };
		2904C7722336982D00407B64 /* Info.plist */ = {isa = PBXFileReference; lastKnownFileType = text.plist.xml; path = Info.plist; sourceTree = "<group>"; };
		2904C7772336982D00407B64 /* CinemaTests.xctest */ = {isa = PBXFileReference; explicitFileType = wrapper.cfbundle; includeInIndex = 0; path = CinemaTests.xctest; sourceTree = BUILT_PRODUCTS_DIR; };
		2904C77B2336982D00407B64 /* CinemaTests.swift */ = {isa = PBXFileReference; lastKnownFileType = sourcecode.swift; path = CinemaTests.swift; sourceTree = "<group>"; };
		2904C77D2336982D00407B64 /* Info.plist */ = {isa = PBXFileReference; lastKnownFileType = text.plist.xml; path = Info.plist; sourceTree = "<group>"; };
		2904C7822336982D00407B64 /* CinemaUITests.xctest */ = {isa = PBXFileReference; explicitFileType = wrapper.cfbundle; includeInIndex = 0; path = CinemaUITests.xctest; sourceTree = BUILT_PRODUCTS_DIR; };
		2904C7862336982D00407B64 /* CinemaUITests.swift */ = {isa = PBXFileReference; lastKnownFileType = sourcecode.swift; path = CinemaUITests.swift; sourceTree = "<group>"; };
		2904C7882336982D00407B64 /* Info.plist */ = {isa = PBXFileReference; lastKnownFileType = text.plist.xml; path = Info.plist; sourceTree = "<group>"; };
		2904C7992336A50F00407B64 /* DateMovieVC.swift */ = {isa = PBXFileReference; lastKnownFileType = sourcecode.swift; path = DateMovieVC.swift; sourceTree = "<group>"; };
		2904C79B2336A60C00407B64 /* MovieManager.swift */ = {isa = PBXFileReference; lastKnownFileType = sourcecode.swift; path = MovieManager.swift; sourceTree = "<group>"; };
		2904C79D2336A69100407B64 /* Movie.swift */ = {isa = PBXFileReference; lastKnownFileType = sourcecode.swift; path = Movie.swift; sourceTree = "<group>"; };
		2904C79F2336A69B00407B64 /* Showing.swift */ = {isa = PBXFileReference; lastKnownFileType = sourcecode.swift; path = Showing.swift; sourceTree = "<group>"; };
		2904C7A22336B09100407B64 /* Extensions.swift */ = {isa = PBXFileReference; lastKnownFileType = sourcecode.swift; path = Extensions.swift; sourceTree = "<group>"; };
		2904C7A42337D23F00407B64 /* NavigationButton.swift */ = {isa = PBXFileReference; lastKnownFileType = sourcecode.swift; path = NavigationButton.swift; sourceTree = "<group>"; };
		2904C7A6233825D800407B64 /* DateManager.swift */ = {isa = PBXFileReference; lastKnownFileType = sourcecode.swift; path = DateManager.swift; sourceTree = "<group>"; };
		2904C7AE23393A4E00407B64 /* SegmentedControl.swift */ = {isa = PBXFileReference; lastKnownFileType = sourcecode.swift; path = SegmentedControl.swift; sourceTree = "<group>"; };
		2904C7B5233BC6F700407B64 /* Constants.swift */ = {isa = PBXFileReference; lastKnownFileType = sourcecode.swift; path = Constants.swift; sourceTree = "<group>"; };
		2904C7B7233BDE3000407B64 /* DateShowingVC.swift */ = {isa = PBXFileReference; lastKnownFileType = sourcecode.swift; path = DateShowingVC.swift; sourceTree = "<group>"; };
		2904C7B9233BE7F600407B64 /* DateContainerCell.swift */ = {isa = PBXFileReference; lastKnownFileType = sourcecode.swift; path = DateContainerCell.swift; sourceTree = "<group>"; };
		2904C7BA233BE7F600407B64 /* DateContainerCell.xib */ = {isa = PBXFileReference; lastKnownFileType = file.xib; path = DateContainerCell.xib; sourceTree = "<group>"; };
		2904C9E5233EB5F100407B64 /* MovieContainerVC.swift */ = {isa = PBXFileReference; lastKnownFileType = sourcecode.swift; path = MovieContainerVC.swift; sourceTree = "<group>"; };
		2904C9E8233FB4D600407B64 /* MovieView.xib */ = {isa = PBXFileReference; lastKnownFileType = file.xib; path = MovieView.xib; sourceTree = "<group>"; };
		2904C9EC233FB76E00407B64 /* MovieView.swift */ = {isa = PBXFileReference; lastKnownFileType = sourcecode.swift; path = MovieView.swift; sourceTree = "<group>"; };
		2904C9EE233FF53100407B64 /* MovieViewVC.swift */ = {isa = PBXFileReference; lastKnownFileType = sourcecode.swift; path = MovieViewVC.swift; sourceTree = "<group>"; };
		2904C9F02341208400407B64 /* MovieShowingVC.swift */ = {isa = PBXFileReference; lastKnownFileType = sourcecode.swift; path = MovieShowingVC.swift; sourceTree = "<group>"; };
		2904D0702353C79B00407B64 /* OptionsVC.swift */ = {isa = PBXFileReference; lastKnownFileType = sourcecode.swift; path = OptionsVC.swift; sourceTree = "<group>"; };
		2904D0722353C7CC00407B64 /* OptionsCell.swift */ = {isa = PBXFileReference; lastKnownFileType = sourcecode.swift; path = OptionsCell.swift; sourceTree = "<group>"; };
		2904D0732353C7CC00407B64 /* OptionsCell.xib */ = {isa = PBXFileReference; lastKnownFileType = file.xib; path = OptionsCell.xib; sourceTree = "<group>"; };
		2904D0762354D48E00407B64 /* ContainerVC.swift */ = {isa = PBXFileReference; lastKnownFileType = sourcecode.swift; path = ContainerVC.swift; sourceTree = "<group>"; };
		2904D07A2355111900407B64 /* DateContainerVC.swift */ = {isa = PBXFileReference; lastKnownFileType = sourcecode.swift; path = DateContainerVC.swift; sourceTree = "<group>"; };
		2904D09E2358CFB000407B64 /* NetworkImageView.swift */ = {isa = PBXFileReference; lastKnownFileType = sourcecode.swift; path = NetworkImageView.swift; sourceTree = "<group>"; };
		2904D0A0235A4CB300407B64 /* MovieShowingCell.swift */ = {isa = PBXFileReference; lastKnownFileType = sourcecode.swift; path = MovieShowingCell.swift; sourceTree = "<group>"; };
		2904D0A1235A4CB300407B64 /* MovieShowingCell.xib */ = {isa = PBXFileReference; lastKnownFileType = file.xib; path = MovieShowingCell.xib; sourceTree = "<group>"; };
/* End PBXFileReference section */

/* Begin PBXFrameworksBuildPhase section */
		2904C75D2336982B00407B64 /* Frameworks */ = {
			isa = PBXFrameworksBuildPhase;
			buildActionMask = 2147483647;
			files = (
			);
			runOnlyForDeploymentPostprocessing = 0;
		};
		2904C7742336982D00407B64 /* Frameworks */ = {
			isa = PBXFrameworksBuildPhase;
			buildActionMask = 2147483647;
			files = (
			);
			runOnlyForDeploymentPostprocessing = 0;
		};
		2904C77F2336982D00407B64 /* Frameworks */ = {
			isa = PBXFrameworksBuildPhase;
			buildActionMask = 2147483647;
			files = (
			);
			runOnlyForDeploymentPostprocessing = 0;
		};
/* End PBXFrameworksBuildPhase section */

/* Begin PBXGroup section */
		2904C7572336982B00407B64 = {
			isa = PBXGroup;
			children = (
				2904C7622336982B00407B64 /* Cinema */,
				2904C77A2336982D00407B64 /* CinemaTests */,
				2904C7852336982D00407B64 /* CinemaUITests */,
				2904C7612336982B00407B64 /* Products */,
			);
			sourceTree = "<group>";
		};
		2904C7612336982B00407B64 /* Products */ = {
			isa = PBXGroup;
			children = (
				2904C7602336982B00407B64 /* Cinema.app */,
				2904C7772336982D00407B64 /* CinemaTests.xctest */,
				2904C7822336982D00407B64 /* CinemaUITests.xctest */,
			);
			name = Products;
			sourceTree = "<group>";
		};
		2904C7622336982B00407B64 /* Cinema */ = {
			isa = PBXGroup;
			children = (
				2904C7952336A10700407B64 /* Models */,
				2904C7942336A0EB00407B64 /* View Controllers */,
				2904C7962336A10E00407B64 /* Views */,
				2904C7A12336B07700407B64 /* Supporting Files */,
				2904C7632336982B00407B64 /* AppDelegate.swift */,
				2904C76D2336982D00407B64 /* Assets.xcassets */,
				2904C7722336982D00407B64 /* Info.plist */,
				2904C76F2336982D00407B64 /* LaunchScreen.storyboard */,
			);
			path = Cinema;
			sourceTree = "<group>";
		};
		2904C77A2336982D00407B64 /* CinemaTests */ = {
			isa = PBXGroup;
			children = (
				2904C77B2336982D00407B64 /* CinemaTests.swift */,
				2904C77D2336982D00407B64 /* Info.plist */,
			);
			path = CinemaTests;
			sourceTree = "<group>";
		};
		2904C7852336982D00407B64 /* CinemaUITests */ = {
			isa = PBXGroup;
			children = (
				2904C7862336982D00407B64 /* CinemaUITests.swift */,
				2904C7882336982D00407B64 /* Info.plist */,
			);
			path = CinemaUITests;
			sourceTree = "<group>";
		};
		2904C7942336A0EB00407B64 /* View Controllers */ = {
			isa = PBXGroup;
			children = (
				2904D0762354D48E00407B64 /* ContainerVC.swift */,
				2904D07A2355111900407B64 /* DateContainerVC.swift */,
				2904C9E5233EB5F100407B64 /* MovieContainerVC.swift */,
				2904D0702353C79B00407B64 /* OptionsVC.swift */,
				2904C9E7233EB5FB00407B64 /* Container Controllers */,
			);
			path = "View Controllers";
			sourceTree = "<group>";
		};
		2904C7952336A10700407B64 /* Models */ = {
			isa = PBXGroup;
			children = (
				2904C7A6233825D800407B64 /* DateManager.swift */,
				2904C79B2336A60C00407B64 /* MovieManager.swift */,
				2904C79D2336A69100407B64 /* Movie.swift */,
				2904C79F2336A69B00407B64 /* Showing.swift */,
			);
			path = Models;
			sourceTree = "<group>";
		};
		2904C7962336A10E00407B64 /* Views */ = {
			isa = PBXGroup;
			children = (
				2904C7A42337D23F00407B64 /* NavigationButton.swift */,
				2904D09E2358CFB000407B64 /* NetworkImageView.swift */,
				2904C7AE23393A4E00407B64 /* SegmentedControl.swift */,
				2904C9E8233FB4D600407B64 /* MovieView.xib */,
				2904C9EC233FB76E00407B64 /* MovieView.swift */,
				2904C7BD233BE80300407B64 /* Cells */,
			);
			path = Views;
			sourceTree = "<group>";
		};
		2904C7A12336B07700407B64 /* Supporting Files */ = {
			isa = PBXGroup;
			children = (
				2904C7B5233BC6F700407B64 /* Constants.swift */,
				2904C7A22336B09100407B64 /* Extensions.swift */,
			);
			path = "Supporting Files";
			sourceTree = "<group>";
		};
		2904C7BD233BE80300407B64 /* Cells */ = {
			isa = PBXGroup;
			children = (
				2904C7B9233BE7F600407B64 /* DateContainerCell.swift */,
				2904C7BA233BE7F600407B64 /* DateContainerCell.xib */,
				2904D0722353C7CC00407B64 /* OptionsCell.swift */,
				2904D0732353C7CC00407B64 /* OptionsCell.xib */,
				2904D0A0235A4CB300407B64 /* MovieShowingCell.swift */,
				2904D0A1235A4CB300407B64 /* MovieShowingCell.xib */,
			);
			path = Cells;
			sourceTree = "<group>";
		};
		2904C9E7233EB5FB00407B64 /* Container Controllers */ = {
			isa = PBXGroup;
			children = (
				2904C7992336A50F00407B64 /* DateMovieVC.swift */,
				2904C7B7233BDE3000407B64 /* DateShowingVC.swift */,
				2904C9EE233FF53100407B64 /* MovieViewVC.swift */,
				2904C9F02341208400407B64 /* MovieShowingVC.swift */,
			);
			path = "Container Controllers";
			sourceTree = "<group>";
		};
/* End PBXGroup section */

/* Begin PBXNativeTarget section */
		2904C75F2336982B00407B64 /* Cinema */ = {
			isa = PBXNativeTarget;
			buildConfigurationList = 2904C78B2336982D00407B64 /* Build configuration list for PBXNativeTarget "Cinema" */;
			buildPhases = (
				2904C75C2336982B00407B64 /* Sources */,
				2904C75D2336982B00407B64 /* Frameworks */,
				2904C75E2336982B00407B64 /* Resources */,
			);
			buildRules = (
			);
			dependencies = (
			);
			name = Cinema;
			productName = Cinema;
			productReference = 2904C7602336982B00407B64 /* Cinema.app */;
			productType = "com.apple.product-type.application";
		};
		2904C7762336982D00407B64 /* CinemaTests */ = {
			isa = PBXNativeTarget;
			buildConfigurationList = 2904C78E2336982D00407B64 /* Build configuration list for PBXNativeTarget "CinemaTests" */;
			buildPhases = (
				2904C7732336982D00407B64 /* Sources */,
				2904C7742336982D00407B64 /* Frameworks */,
				2904C7752336982D00407B64 /* Resources */,
			);
			buildRules = (
			);
			dependencies = (
				2904C7792336982D00407B64 /* PBXTargetDependency */,
			);
			name = CinemaTests;
			productName = CinemaTests;
			productReference = 2904C7772336982D00407B64 /* CinemaTests.xctest */;
			productType = "com.apple.product-type.bundle.unit-test";
		};
		2904C7812336982D00407B64 /* CinemaUITests */ = {
			isa = PBXNativeTarget;
			buildConfigurationList = 2904C7912336982D00407B64 /* Build configuration list for PBXNativeTarget "CinemaUITests" */;
			buildPhases = (
				2904C77E2336982D00407B64 /* Sources */,
				2904C77F2336982D00407B64 /* Frameworks */,
				2904C7802336982D00407B64 /* Resources */,
			);
			buildRules = (
			);
			dependencies = (
				2904C7842336982D00407B64 /* PBXTargetDependency */,
			);
			name = CinemaUITests;
			productName = CinemaUITests;
			productReference = 2904C7822336982D00407B64 /* CinemaUITests.xctest */;
			productType = "com.apple.product-type.bundle.ui-testing";
		};
/* End PBXNativeTarget section */

/* Begin PBXProject section */
		2904C7582336982B00407B64 /* Project object */ = {
			isa = PBXProject;
			attributes = {
				LastSwiftUpdateCheck = 1030;
				LastUpgradeCheck = 1030;
				ORGANIZATIONNAME = Marius;
				TargetAttributes = {
					2904C75F2336982B00407B64 = {
						CreatedOnToolsVersion = 10.3;
					};
					2904C7762336982D00407B64 = {
						CreatedOnToolsVersion = 10.3;
						TestTargetID = 2904C75F2336982B00407B64;
					};
					2904C7812336982D00407B64 = {
						CreatedOnToolsVersion = 10.3;
						TestTargetID = 2904C75F2336982B00407B64;
					};
				};
			};
			buildConfigurationList = 2904C75B2336982B00407B64 /* Build configuration list for PBXProject "Cinema" */;
			compatibilityVersion = "Xcode 9.3";
			developmentRegion = en;
			hasScannedForEncodings = 0;
			knownRegions = (
				en,
				Base,
			);
			mainGroup = 2904C7572336982B00407B64;
			productRefGroup = 2904C7612336982B00407B64 /* Products */;
			projectDirPath = "";
			projectRoot = "";
			targets = (
				2904C75F2336982B00407B64 /* Cinema */,
				2904C7762336982D00407B64 /* CinemaTests */,
				2904C7812336982D00407B64 /* CinemaUITests */,
			);
		};
/* End PBXProject section */

/* Begin PBXResourcesBuildPhase section */
		2904C75E2336982B00407B64 /* Resources */ = {
			isa = PBXResourcesBuildPhase;
			buildActionMask = 2147483647;
			files = (
				2904D0A3235A4CB300407B64 /* MovieShowingCell.xib in Resources */,
				2904C7712336982D00407B64 /* LaunchScreen.storyboard in Resources */,
				2904C76E2336982D00407B64 /* Assets.xcassets in Resources */,
				2904D0752353C7CC00407B64 /* OptionsCell.xib in Resources */,
				2904C9E9233FB4D600407B64 /* MovieView.xib in Resources */,
				2904C7BC233BE7F600407B64 /* DateContainerCell.xib in Resources */,
			);
			runOnlyForDeploymentPostprocessing = 0;
		};
		2904C7752336982D00407B64 /* Resources */ = {
			isa = PBXResourcesBuildPhase;
			buildActionMask = 2147483647;
			files = (
			);
			runOnlyForDeploymentPostprocessing = 0;
		};
		2904C7802336982D00407B64 /* Resources */ = {
			isa = PBXResourcesBuildPhase;
			buildActionMask = 2147483647;
			files = (
			);
			runOnlyForDeploymentPostprocessing = 0;
		};
/* End PBXResourcesBuildPhase section */

/* Begin PBXSourcesBuildPhase section */
		2904C75C2336982B00407B64 /* Sources */ = {
			isa = PBXSourcesBuildPhase;
			buildActionMask = 2147483647;
			files = (
				2904D07B2355111900407B64 /* DateContainerVC.swift in Sources */,
				2904C9EF233FF53100407B64 /* MovieViewVC.swift in Sources */,
				2904C79A2336A50F00407B64 /* DateMovieVC.swift in Sources */,
				2904C9E6233EB5F100407B64 /* MovieContainerVC.swift in Sources */,
				2904C7B8233BDE3000407B64 /* DateShowingVC.swift in Sources */,
				2904C9F12341208400407B64 /* MovieShowingVC.swift in Sources */,
				2904C7A7233825D800407B64 /* DateManager.swift in Sources */,
				2904C7642336982B00407B64 /* AppDelegate.swift in Sources */,
				2904C7A52337D23F00407B64 /* NavigationButton.swift in Sources */,
				2904D0772354D48E00407B64 /* ContainerVC.swift in Sources */,
				2904D09F2358CFB000407B64 /* NetworkImageView.swift in Sources */,
				2904D0A2235A4CB300407B64 /* MovieShowingCell.swift in Sources */,
				2904C79E2336A69100407B64 /* Movie.swift in Sources */,
				2904D0742353C7CC00407B64 /* OptionsCell.swift in Sources */,
				2904C7A32336B09100407B64 /* Extensions.swift in Sources */,
				2904C79C2336A60C00407B64 /* MovieManager.swift in Sources */,
				2904C7BB233BE7F600407B64 /* DateContainerCell.swift in Sources */,
				2904C7A02336A69B00407B64 /* Showing.swift in Sources */,
				2904D0712353C79B00407B64 /* OptionsVC.swift in Sources */,
				2904C7B6233BC6F700407B64 /* Constants.swift in Sources */,
				2904C7AF23393A4E00407B64 /* SegmentedControl.swift in Sources */,
				2904C9ED233FB76E00407B64 /* MovieView.swift in Sources */,
			);
			runOnlyForDeploymentPostprocessing = 0;
		};
		2904C7732336982D00407B64 /* Sources */ = {
			isa = PBXSourcesBuildPhase;
			buildActionMask = 2147483647;
			files = (
				2904C77C2336982D00407B64 /* CinemaTests.swift in Sources */,
			);
			runOnlyForDeploymentPostprocessing = 0;
		};
		2904C77E2336982D00407B64 /* Sources */ = {
			isa = PBXSourcesBuildPhase;
			buildActionMask = 2147483647;
			files = (
				2904C7872336982D00407B64 /* CinemaUITests.swift in Sources */,
			);
			runOnlyForDeploymentPostprocessing = 0;
		};
/* End PBXSourcesBuildPhase section */

/* Begin PBXTargetDependency section */
		2904C7792336982D00407B64 /* PBXTargetDependency */ = {
			isa = PBXTargetDependency;
			target = 2904C75F2336982B00407B64 /* Cinema */;
			targetProxy = 2904C7782336982D00407B64 /* PBXContainerItemProxy */;
		};
		2904C7842336982D00407B64 /* PBXTargetDependency */ = {
			isa = PBXTargetDependency;
			target = 2904C75F2336982B00407B64 /* Cinema */;
			targetProxy = 2904C7832336982D00407B64 /* PBXContainerItemProxy */;
		};
/* End PBXTargetDependency section */

/* Begin PBXVariantGroup section */
		2904C76F2336982D00407B64 /* LaunchScreen.storyboard */ = {
			isa = PBXVariantGroup;
			children = (
				2904C7702336982D00407B64 /* Base */,
			);
			name = LaunchScreen.storyboard;
			sourceTree = "<group>";
		};
/* End PBXVariantGroup section */

/* Begin XCBuildConfiguration section */
		2904C7892336982D00407B64 /* Debug */ = {
			isa = XCBuildConfiguration;
			buildSettings = {
				ALWAYS_SEARCH_USER_PATHS = NO;
				CLANG_ANALYZER_NONNULL = YES;
				CLANG_ANALYZER_NUMBER_OBJECT_CONVERSION = YES_AGGRESSIVE;
				CLANG_CXX_LANGUAGE_STANDARD = "gnu++14";
				CLANG_CXX_LIBRARY = "libc++";
				CLANG_ENABLE_MODULES = YES;
				CLANG_ENABLE_OBJC_ARC = YES;
				CLANG_ENABLE_OBJC_WEAK = YES;
				CLANG_WARN_BLOCK_CAPTURE_AUTORELEASING = YES;
				CLANG_WARN_BOOL_CONVERSION = YES;
				CLANG_WARN_COMMA = YES;
				CLANG_WARN_CONSTANT_CONVERSION = YES;
				CLANG_WARN_DEPRECATED_OBJC_IMPLEMENTATIONS = YES;
				CLANG_WARN_DIRECT_OBJC_ISA_USAGE = YES_ERROR;
				CLANG_WARN_DOCUMENTATION_COMMENTS = YES;
				CLANG_WARN_EMPTY_BODY = YES;
				CLANG_WARN_ENUM_CONVERSION = YES;
				CLANG_WARN_INFINITE_RECURSION = YES;
				CLANG_WARN_INT_CONVERSION = YES;
				CLANG_WARN_NON_LITERAL_NULL_CONVERSION = YES;
				CLANG_WARN_OBJC_IMPLICIT_RETAIN_SELF = YES;
				CLANG_WARN_OBJC_LITERAL_CONVERSION = YES;
				CLANG_WARN_OBJC_ROOT_CLASS = YES_ERROR;
				CLANG_WARN_RANGE_LOOP_ANALYSIS = YES;
				CLANG_WARN_STRICT_PROTOTYPES = YES;
				CLANG_WARN_SUSPICIOUS_MOVE = YES;
				CLANG_WARN_UNGUARDED_AVAILABILITY = YES_AGGRESSIVE;
				CLANG_WARN_UNREACHABLE_CODE = YES;
				CLANG_WARN__DUPLICATE_METHOD_MATCH = YES;
				CODE_SIGN_IDENTITY = "iPhone Developer";
				COPY_PHASE_STRIP = NO;
				DEBUG_INFORMATION_FORMAT = dwarf;
				ENABLE_STRICT_OBJC_MSGSEND = YES;
				ENABLE_TESTABILITY = YES;
				GCC_C_LANGUAGE_STANDARD = gnu11;
				GCC_DYNAMIC_NO_PIC = NO;
				GCC_NO_COMMON_BLOCKS = YES;
				GCC_OPTIMIZATION_LEVEL = 0;
				GCC_PREPROCESSOR_DEFINITIONS = (
					"DEBUG=1",
					"$(inherited)",
				);
				GCC_WARN_64_TO_32_BIT_CONVERSION = YES;
				GCC_WARN_ABOUT_RETURN_TYPE = YES_ERROR;
				GCC_WARN_UNDECLARED_SELECTOR = YES;
				GCC_WARN_UNINITIALIZED_AUTOS = YES_AGGRESSIVE;
				GCC_WARN_UNUSED_FUNCTION = YES;
				GCC_WARN_UNUSED_VARIABLE = YES;
				IPHONEOS_DEPLOYMENT_TARGET = 11.0;
				MTL_ENABLE_DEBUG_INFO = INCLUDE_SOURCE;
				MTL_FAST_MATH = YES;
				ONLY_ACTIVE_ARCH = YES;
				SDKROOT = iphoneos;
				SWIFT_ACTIVE_COMPILATION_CONDITIONS = DEBUG;
				SWIFT_OPTIMIZATION_LEVEL = "-Onone";
			};
			name = Debug;
		};
		2904C78A2336982D00407B64 /* Release */ = {
			isa = XCBuildConfiguration;
			buildSettings = {
				ALWAYS_SEARCH_USER_PATHS = NO;
				CLANG_ANALYZER_NONNULL = YES;
				CLANG_ANALYZER_NUMBER_OBJECT_CONVERSION = YES_AGGRESSIVE;
				CLANG_CXX_LANGUAGE_STANDARD = "gnu++14";
				CLANG_CXX_LIBRARY = "libc++";
				CLANG_ENABLE_MODULES = YES;
				CLANG_ENABLE_OBJC_ARC = YES;
				CLANG_ENABLE_OBJC_WEAK = YES;
				CLANG_WARN_BLOCK_CAPTURE_AUTORELEASING = YES;
				CLANG_WARN_BOOL_CONVERSION = YES;
				CLANG_WARN_COMMA = YES;
				CLANG_WARN_CONSTANT_CONVERSION = YES;
				CLANG_WARN_DEPRECATED_OBJC_IMPLEMENTATIONS = YES;
				CLANG_WARN_DIRECT_OBJC_ISA_USAGE = YES_ERROR;
				CLANG_WARN_DOCUMENTATION_COMMENTS = YES;
				CLANG_WARN_EMPTY_BODY = YES;
				CLANG_WARN_ENUM_CONVERSION = YES;
				CLANG_WARN_INFINITE_RECURSION = YES;
				CLANG_WARN_INT_CONVERSION = YES;
				CLANG_WARN_NON_LITERAL_NULL_CONVERSION = YES;
				CLANG_WARN_OBJC_IMPLICIT_RETAIN_SELF = YES;
				CLANG_WARN_OBJC_LITERAL_CONVERSION = YES;
				CLANG_WARN_OBJC_ROOT_CLASS = YES_ERROR;
				CLANG_WARN_RANGE_LOOP_ANALYSIS = YES;
				CLANG_WARN_STRICT_PROTOTYPES = YES;
				CLANG_WARN_SUSPICIOUS_MOVE = YES;
				CLANG_WARN_UNGUARDED_AVAILABILITY = YES_AGGRESSIVE;
				CLANG_WARN_UNREACHABLE_CODE = YES;
				CLANG_WARN__DUPLICATE_METHOD_MATCH = YES;
				CODE_SIGN_IDENTITY = "iPhone Developer";
				COPY_PHASE_STRIP = NO;
				DEBUG_INFORMATION_FORMAT = "dwarf-with-dsym";
				ENABLE_NS_ASSERTIONS = NO;
				ENABLE_STRICT_OBJC_MSGSEND = YES;
				GCC_C_LANGUAGE_STANDARD = gnu11;
				GCC_NO_COMMON_BLOCKS = YES;
				GCC_WARN_64_TO_32_BIT_CONVERSION = YES;
				GCC_WARN_ABOUT_RETURN_TYPE = YES_ERROR;
				GCC_WARN_UNDECLARED_SELECTOR = YES;
				GCC_WARN_UNINITIALIZED_AUTOS = YES_AGGRESSIVE;
				GCC_WARN_UNUSED_FUNCTION = YES;
				GCC_WARN_UNUSED_VARIABLE = YES;
				IPHONEOS_DEPLOYMENT_TARGET = 11.0;
				MTL_ENABLE_DEBUG_INFO = NO;
				MTL_FAST_MATH = YES;
				SDKROOT = iphoneos;
				SWIFT_COMPILATION_MODE = wholemodule;
				SWIFT_OPTIMIZATION_LEVEL = "-O";
				VALIDATE_PRODUCT = YES;
			};
			name = Release;
		};
		2904C78C2336982D00407B64 /* Debug */ = {
			isa = XCBuildConfiguration;
			buildSettings = {
				ASSETCATALOG_COMPILER_APPICON_NAME = AppIcon;
				CODE_SIGN_STYLE = Automatic;
				DEVELOPMENT_TEAM = LZTF7R47SK;
				INFOPLIST_FILE = Cinema/Info.plist;
				LD_RUNPATH_SEARCH_PATHS = (
					"$(inherited)",
					"@executable_path/Frameworks",
				);
				PRODUCT_BUNDLE_IDENTIFIER = com.MariusK.Cinema;
				PRODUCT_NAME = "$(TARGET_NAME)";
				SWIFT_VERSION = 5.0;
				TARGETED_DEVICE_FAMILY = "1,2";
			};
			name = Debug;
		};
		2904C78D2336982D00407B64 /* Release */ = {
			isa = XCBuildConfiguration;
			buildSettings = {
				ASSETCATALOG_COMPILER_APPICON_NAME = AppIcon;
				CODE_SIGN_STYLE = Automatic;
				DEVELOPMENT_TEAM = LZTF7R47SK;
				INFOPLIST_FILE = Cinema/Info.plist;
				LD_RUNPATH_SEARCH_PATHS = (
					"$(inherited)",
					"@executable_path/Frameworks",
				);
				PRODUCT_BUNDLE_IDENTIFIER = com.MariusK.Cinema;
				PRODUCT_NAME = "$(TARGET_NAME)";
				SWIFT_VERSION = 5.0;
				TARGETED_DEVICE_FAMILY = "1,2";
			};
			name = Release;
		};
		2904C78F2336982D00407B64 /* Debug */ = {
			isa = XCBuildConfiguration;
			buildSettings = {
				ALWAYS_EMBED_SWIFT_STANDARD_LIBRARIES = YES;
				BUNDLE_LOADER = "$(TEST_HOST)";
				CODE_SIGN_STYLE = Automatic;
				DEVELOPMENT_TEAM = LZTF7R47SK;
				INFOPLIST_FILE = CinemaTests/Info.plist;
				LD_RUNPATH_SEARCH_PATHS = (
					"$(inherited)",
					"@executable_path/Frameworks",
					"@loader_path/Frameworks",
				);
				PRODUCT_BUNDLE_IDENTIFIER = com.MariusK.CinemaTests;
				PRODUCT_NAME = "$(TARGET_NAME)";
				SWIFT_VERSION = 5.0;
				TARGETED_DEVICE_FAMILY = "1,2";
				TEST_HOST = "$(BUILT_PRODUCTS_DIR)/Cinema.app/Cinema";
			};
			name = Debug;
		};
		2904C7902336982D00407B64 /* Release */ = {
			isa = XCBuildConfiguration;
			buildSettings = {
				ALWAYS_EMBED_SWIFT_STANDARD_LIBRARIES = YES;
				BUNDLE_LOADER = "$(TEST_HOST)";
				CODE_SIGN_STYLE = Automatic;
				DEVELOPMENT_TEAM = LZTF7R47SK;
				INFOPLIST_FILE = CinemaTests/Info.plist;
				LD_RUNPATH_SEARCH_PATHS = (
					"$(inherited)",
					"@executable_path/Frameworks",
					"@loader_path/Frameworks",
				);
				PRODUCT_BUNDLE_IDENTIFIER = com.MariusK.CinemaTests;
				PRODUCT_NAME = "$(TARGET_NAME)";
				SWIFT_VERSION = 5.0;
				TARGETED_DEVICE_FAMILY = "1,2";
				TEST_HOST = "$(BUILT_PRODUCTS_DIR)/Cinema.app/Cinema";
			};
			name = Release;
		};
		2904C7922336982D00407B64 /* Debug */ = {
			isa = XCBuildConfiguration;
			buildSettings = {
				ALWAYS_EMBED_SWIFT_STANDARD_LIBRARIES = YES;
				CODE_SIGN_STYLE = Automatic;
				DEVELOPMENT_TEAM = LZTF7R47SK;
				INFOPLIST_FILE = CinemaUITests/Info.plist;
				LD_RUNPATH_SEARCH_PATHS = (
					"$(inherited)",
					"@executable_path/Frameworks",
					"@loader_path/Frameworks",
				);
				PRODUCT_BUNDLE_IDENTIFIER = com.MariusK.CinemaUITests;
				PRODUCT_NAME = "$(TARGET_NAME)";
				SWIFT_VERSION = 5.0;
				TARGETED_DEVICE_FAMILY = "1,2";
				TEST_TARGET_NAME = Cinema;
			};
			name = Debug;
		};
		2904C7932336982D00407B64 /* Release */ = {
			isa = XCBuildConfiguration;
			buildSettings = {
				ALWAYS_EMBED_SWIFT_STANDARD_LIBRARIES = YES;
				CODE_SIGN_STYLE = Automatic;
				DEVELOPMENT_TEAM = LZTF7R47SK;
				INFOPLIST_FILE = CinemaUITests/Info.plist;
				LD_RUNPATH_SEARCH_PATHS = (
					"$(inherited)",
					"@executable_path/Frameworks",
					"@loader_path/Frameworks",
				);
				PRODUCT_BUNDLE_IDENTIFIER = com.MariusK.CinemaUITests;
				PRODUCT_NAME = "$(TARGET_NAME)";
				SWIFT_VERSION = 5.0;
				TARGETED_DEVICE_FAMILY = "1,2";
				TEST_TARGET_NAME = Cinema;
			};
			name = Release;
		};
/* End XCBuildConfiguration section */

/* Begin XCConfigurationList section */
		2904C75B2336982B00407B64 /* Build configuration list for PBXProject "Cinema" */ = {
			isa = XCConfigurationList;
			buildConfigurations = (
				2904C7892336982D00407B64 /* Debug */,
				2904C78A2336982D00407B64 /* Release */,
			);
			defaultConfigurationIsVisible = 0;
			defaultConfigurationName = Release;
		};
		2904C78B2336982D00407B64 /* Build configuration list for PBXNativeTarget "Cinema" */ = {
			isa = XCConfigurationList;
			buildConfigurations = (
				2904C78C2336982D00407B64 /* Debug */,
				2904C78D2336982D00407B64 /* Release */,
			);
			defaultConfigurationIsVisible = 0;
			defaultConfigurationName = Release;
		};
		2904C78E2336982D00407B64 /* Build configuration list for PBXNativeTarget "CinemaTests" */ = {
			isa = XCConfigurationList;
			buildConfigurations = (
				2904C78F2336982D00407B64 /* Debug */,
				2904C7902336982D00407B64 /* Release */,
			);
			defaultConfigurationIsVisible = 0;
			defaultConfigurationName = Release;
		};
		2904C7912336982D00407B64 /* Build configuration list for PBXNativeTarget "CinemaUITests" */ = {
			isa = XCConfigurationList;
			buildConfigurations = (
				2904C7922336982D00407B64 /* Debug */,
				2904C7932336982D00407B64 /* Release */,
			);
			defaultConfigurationIsVisible = 0;
			defaultConfigurationName = Release;
		};
/* End XCConfigurationList section */
	};
	rootObject = 2904C7582336982B00407B64 /* Project object */;
}
