// !$*UTF8*$!
{
	archiveVersion = 1;
	classes = {
	};
	objectVersion = 50;
	objects = {

/* Begin PBXBuildFile section */
		2904C7642336982B00407B64 /* AppDelegate.swift in Sources */ = {isa = PBXBuildFile; fileRef = 2904C7632336982B00407B64 /* AppDelegate.swift */; };
		2904C76E2336982D00407B64 /* Assets.xcassets in Resources */ = {isa = PBXBuildFile; fileRef = 2904C76D2336982D00407B64 /* Assets.xcassets */; };
		2904C7712336982D00407B64 /* LaunchScreen.storyboard in Resources */ = {isa = PBXBuildFile; fileRef = 2904C76F2336982D00407B64 /* LaunchScreen.storyboard */; };
		2904C79E2336A69100407B64 /* Movie.swift in Sources */ = {isa = PBXBuildFile; fileRef = 2904C79D2336A69100407B64 /* Movie.swift */; };
		2904C7A02336A69B00407B64 /* Showing.swift in Sources */ = {isa = PBXBuildFile; fileRef = 2904C79F2336A69B00407B64 /* Showing.swift */; };
		2904C7A32336B09100407B64 /* Extensions.swift in Sources */ = {isa = PBXBuildFile; fileRef = 2904C7A22336B09100407B64 /* Extensions.swift */; };
		2904C7A7233825D800407B64 /* DateSelector.swift in Sources */ = {isa = PBXBuildFile; fileRef = 2904C7A6233825D800407B64 /* DateSelector.swift */; };
		2904C7AF23393A4E00407B64 /* SegmentedControl.swift in Sources */ = {isa = PBXBuildFile; fileRef = 2904C7AE23393A4E00407B64 /* SegmentedControl.swift */; };
		2904C7B6233BC6F700407B64 /* Constants.swift in Sources */ = {isa = PBXBuildFile; fileRef = 2904C7B5233BC6F700407B64 /* Constants.swift */; };
		2904C7B8233BDE3000407B64 /* DailyShowingsVC.swift in Sources */ = {isa = PBXBuildFile; fileRef = 2904C7B7233BDE3000407B64 /* DailyShowingsVC.swift */; };
		2904C7BB233BE7F600407B64 /* DailyShowingsCell.swift in Sources */ = {isa = PBXBuildFile; fileRef = 2904C7B9233BE7F600407B64 /* DailyShowingsCell.swift */; };
		2904C9EF233FF53100407B64 /* MovieDetailsVC.swift in Sources */ = {isa = PBXBuildFile; fileRef = 2904C9EE233FF53100407B64 /* MovieDetailsVC.swift */; };
		2904C9F12341208400407B64 /* MovieShowingsVC.swift in Sources */ = {isa = PBXBuildFile; fileRef = 2904C9F02341208400407B64 /* MovieShowingsVC.swift */; };
		2904D0712353C79B00407B64 /* SettingsViewController.swift in Sources */ = {isa = PBXBuildFile; fileRef = 2904D0702353C79B00407B64 /* SettingsViewController.swift */; };
		2904D0742353C7CC00407B64 /* SettingsCell.swift in Sources */ = {isa = PBXBuildFile; fileRef = 2904D0722353C7CC00407B64 /* SettingsCell.swift */; };
		2904D09F2358CFB000407B64 /* NetworkImageView.swift in Sources */ = {isa = PBXBuildFile; fileRef = 2904D09E2358CFB000407B64 /* NetworkImageView.swift */; };
		2904D0A2235A4CB300407B64 /* MovieShowingsCell.swift in Sources */ = {isa = PBXBuildFile; fileRef = 2904D0A0235A4CB300407B64 /* MovieShowingsCell.swift */; };
		2906154C25AE5CA90043D12C /* DateContainerViewControllerTests.swift in Sources */ = {isa = PBXBuildFile; fileRef = 2906154B25AE5CA90043D12C /* DateContainerViewControllerTests.swift */; };
		29230DEB235CFBD2007C9EB4 /* ErrorLabel.swift in Sources */ = {isa = PBXBuildFile; fileRef = 29230DEA235CFBD2007C9EB4 /* ErrorLabel.swift */; };
		292E7EC1255F0F080077F2FF /* URLSession+Testable.swift in Sources */ = {isa = PBXBuildFile; fileRef = 292E7EC0255F0F080077F2FF /* URLSession+Testable.swift */; };
		292E7EC9255F15430077F2FF /* Models+Testable.swift in Sources */ = {isa = PBXBuildFile; fileRef = 292E7EC8255F15430077F2FF /* Models+Testable.swift */; };
		292E7ECE2561754D0077F2FF /* MovieFetcher.swift in Sources */ = {isa = PBXBuildFile; fileRef = 292E7ECD2561754D0077F2FF /* MovieFetcher.swift */; };
		292E7ED3256176DA0077F2FF /* MovieFetcherTests.swift in Sources */ = {isa = PBXBuildFile; fileRef = 292E7ED2256176DA0077F2FF /* MovieFetcherTests.swift */; };
		2932FB7F24D35D62009AEDD1 /* Main.storyboard in Resources */ = {isa = PBXBuildFile; fileRef = 2932FB7E24D35D62009AEDD1 /* Main.storyboard */; };
		2932FB8124D602E8009AEDD1 /* DateContainerViewController.swift in Sources */ = {isa = PBXBuildFile; fileRef = 2932FB8024D602E8009AEDD1 /* DateContainerViewController.swift */; };
		293BAA7323D11BAD00C07837 /* MovieDetailsView.swift in Sources */ = {isa = PBXBuildFile; fileRef = 293BAA7223D11BAD00C07837 /* MovieDetailsView.swift */; };
		293BAA7523DA0D8C00C07837 /* DailyMoviesCell.swift in Sources */ = {isa = PBXBuildFile; fileRef = 293BAA7423DA0D8C00C07837 /* DailyMoviesCell.swift */; };
		2948398424D1F85500133940 /* DateViewController.swift in Sources */ = {isa = PBXBuildFile; fileRef = 2948398324D1F85500133940 /* DateViewController.swift */; };
		294CD91023E04BA60064644D /* LoadingView.swift in Sources */ = {isa = PBXBuildFile; fileRef = 294CD90F23E04BA60064644D /* LoadingView.swift */; };
		294E933223A959BD0062E808 /* SegmentableContainer.swift in Sources */ = {isa = PBXBuildFile; fileRef = 294E933123A959BD0062E808 /* SegmentableContainer.swift */; };
		297CA050259CEE4F00EE95F0 /* DateViewControllerTests.swift in Sources */ = {isa = PBXBuildFile; fileRef = 297CA04F259CEE4F00EE95F0 /* DateViewControllerTests.swift */; };
		29833739256466FA0072347E /* NewLoadingView.swift in Sources */ = {isa = PBXBuildFile; fileRef = 29833738256466FA0072347E /* NewLoadingView.swift */; };
		298337412564676A0072347E /* NewLoadingView.xib in Resources */ = {isa = PBXBuildFile; fileRef = 298337402564676A0072347E /* NewLoadingView.xib */; };
		29882D24258E8F2D00CC1873 /* TransitionTableView.swift in Sources */ = {isa = PBXBuildFile; fileRef = 29882D23258E8F2D00CC1873 /* TransitionTableView.swift */; };
		299C263224F99D900074E795 /* ShowingsContainerHeaderView.swift in Sources */ = {isa = PBXBuildFile; fileRef = 299C263124F99D900074E795 /* ShowingsContainerHeaderView.swift */; };
		299C263424FC1E100074E795 /* ShowingsContainerViewCell.swift in Sources */ = {isa = PBXBuildFile; fileRef = 299C263324FC1E100074E795 /* ShowingsContainerViewCell.swift */; };
		299C267A2502DCFD0074E795 /* Fonts.swift in Sources */ = {isa = PBXBuildFile; fileRef = 299C26792502DCFC0074E795 /* Fonts.swift */; };
		299C267C2502DDB30074E795 /* CustomFontLabel.swift in Sources */ = {isa = PBXBuildFile; fileRef = 299C267B2502DDB30074E795 /* CustomFontLabel.swift */; };
		299D135224C7667E0012755A /* MovieDetailsView.xib in Resources */ = {isa = PBXBuildFile; fileRef = 299D135124C7667E0012755A /* MovieDetailsView.xib */; };
		299D135824C766F00012755A /* MovieDetailsViewController.swift in Sources */ = {isa = PBXBuildFile; fileRef = 299D135724C766F00012755A /* MovieDetailsViewController.swift */; };
		299D135A24CA26DC0012755A /* GradientBackgroundView.swift in Sources */ = {isa = PBXBuildFile; fileRef = 299D135924CA26DC0012755A /* GradientBackgroundView.swift */; };
		29A06F5823B0B36D004DB9A4 /* DailyMoviesVC.swift in Sources */ = {isa = PBXBuildFile; fileRef = 29A06F5723B0B36D004DB9A4 /* DailyMoviesVC.swift */; };
		29B4D94723F1C13A00BD9783 /* DateSelectable.swift in Sources */ = {isa = PBXBuildFile; fileRef = 29B4D94623F1C13A00BD9783 /* DateSelectable.swift */; };
		29B4D94923F1C9C800BD9783 /* ContainerView.swift in Sources */ = {isa = PBXBuildFile; fileRef = 29B4D94823F1C9C800BD9783 /* ContainerView.swift */; };
		29B4D94B23F1EC0600BD9783 /* City.swift in Sources */ = {isa = PBXBuildFile; fileRef = 29B4D94A23F1EC0600BD9783 /* City.swift */; };
		29B4D95123F9C09400BD9783 /* TestHelper.swift in Sources */ = {isa = PBXBuildFile; fileRef = 29B4D95023F9C09400BD9783 /* TestHelper.swift */; };
		29B4D95323FB1C0500BD9783 /* MovieDetailsVCTests.swift in Sources */ = {isa = PBXBuildFile; fileRef = 29B4D95223FB1C0500BD9783 /* MovieDetailsVCTests.swift */; };
		29B9C96B237F44770035EF0B /* DateSelectorTests.swift in Sources */ = {isa = PBXBuildFile; fileRef = 29B9C96A237F44770035EF0B /* DateSelectorTests.swift */; };
		29B9C978237F4F3F0035EF0B /* DailyMoviesVCTests.swift in Sources */ = {isa = PBXBuildFile; fileRef = 29B9C977237F4F3F0035EF0B /* DailyMoviesVCTests.swift */; };
		29B9C97E237F4F850035EF0B /* SettingsViewControllerTests.swift in Sources */ = {isa = PBXBuildFile; fileRef = 29B9C97D237F4F850035EF0B /* SettingsViewControllerTests.swift */; };
		29B9C980237F4F980035EF0B /* DailyShowingsVCTests.swift in Sources */ = {isa = PBXBuildFile; fileRef = 29B9C97F237F4F980035EF0B /* DailyShowingsVCTests.swift */; };
		29B9C982237F4FB70035EF0B /* MovieShowingsVCTests.swift in Sources */ = {isa = PBXBuildFile; fileRef = 29B9C981237F4FB70035EF0B /* MovieShowingsVCTests.swift */; };
		29CE105A24E1E8560030D841 /* MoviesViewCell.swift in Sources */ = {isa = PBXBuildFile; fileRef = 29CE105924E1E8560030D841 /* MoviesViewCell.swift */; };
		29DA935024DC8FEF004C145B /* DateShowingCell.swift in Sources */ = {isa = PBXBuildFile; fileRef = 29DA934F24DC8FEF004C145B /* DateShowingCell.swift */; };
		29E99C2E2402F5E7003A4141 /* CinemaUITests.swift in Sources */ = {isa = PBXBuildFile; fileRef = 29E99C2D2402F5E7003A4141 /* CinemaUITests.swift */; };
/* End PBXBuildFile section */

/* Begin PBXContainerItemProxy section */
		29B9C962237F42A30035EF0B /* PBXContainerItemProxy */ = {
			isa = PBXContainerItemProxy;
			containerPortal = 2904C7582336982B00407B64 /* Project object */;
			proxyType = 1;
			remoteGlobalIDString = 2904C75F2336982B00407B64;
			remoteInfo = Cinema;
		};
		29E99C302402F5E7003A4141 /* PBXContainerItemProxy */ = {
			isa = PBXContainerItemProxy;
			containerPortal = 2904C7582336982B00407B64 /* Project object */;
			proxyType = 1;
			remoteGlobalIDString = 2904C75F2336982B00407B64;
			remoteInfo = Cinema;
		};
/* End PBXContainerItemProxy section */

/* Begin PBXFileReference section */
		2904C7602336982B00407B64 /* iKinas.app */ = {isa = PBXFileReference; explicitFileType = wrapper.application; includeInIndex = 0; path = iKinas.app; sourceTree = BUILT_PRODUCTS_DIR; };
		2904C7632336982B00407B64 /* AppDelegate.swift */ = {isa = PBXFileReference; lastKnownFileType = sourcecode.swift; path = AppDelegate.swift; sourceTree = "<group>"; };
		2904C76D2336982D00407B64 /* Assets.xcassets */ = {isa = PBXFileReference; lastKnownFileType = folder.assetcatalog; path = Assets.xcassets; sourceTree = "<group>"; };
		2904C7702336982D00407B64 /* Base */ = {isa = PBXFileReference; lastKnownFileType = file.storyboard; name = Base; path = Base.lproj/LaunchScreen.storyboard; sourceTree = "<group>"; };
		2904C7722336982D00407B64 /* Info.plist */ = {isa = PBXFileReference; lastKnownFileType = text.plist.xml; path = Info.plist; sourceTree = "<group>"; };
		2904C79D2336A69100407B64 /* Movie.swift */ = {isa = PBXFileReference; lastKnownFileType = sourcecode.swift; path = Movie.swift; sourceTree = "<group>"; };
		2904C79F2336A69B00407B64 /* Showing.swift */ = {isa = PBXFileReference; lastKnownFileType = sourcecode.swift; path = Showing.swift; sourceTree = "<group>"; };
		2904C7A22336B09100407B64 /* Extensions.swift */ = {isa = PBXFileReference; lastKnownFileType = sourcecode.swift; path = Extensions.swift; sourceTree = "<group>"; };
		2904C7A6233825D800407B64 /* DateSelector.swift */ = {isa = PBXFileReference; lastKnownFileType = sourcecode.swift; path = DateSelector.swift; sourceTree = "<group>"; };
		2904C7AE23393A4E00407B64 /* SegmentedControl.swift */ = {isa = PBXFileReference; lastKnownFileType = sourcecode.swift; path = SegmentedControl.swift; sourceTree = "<group>"; };
		2904C7B5233BC6F700407B64 /* Constants.swift */ = {isa = PBXFileReference; lastKnownFileType = sourcecode.swift; path = Constants.swift; sourceTree = "<group>"; };
		2904C7B7233BDE3000407B64 /* DailyShowingsVC.swift */ = {isa = PBXFileReference; lastKnownFileType = sourcecode.swift; path = DailyShowingsVC.swift; sourceTree = "<group>"; };
		2904C7B9233BE7F600407B64 /* DailyShowingsCell.swift */ = {isa = PBXFileReference; lastKnownFileType = sourcecode.swift; path = DailyShowingsCell.swift; sourceTree = "<group>"; };
		2904C9EE233FF53100407B64 /* MovieDetailsVC.swift */ = {isa = PBXFileReference; lastKnownFileType = sourcecode.swift; path = MovieDetailsVC.swift; sourceTree = "<group>"; };
		2904C9F02341208400407B64 /* MovieShowingsVC.swift */ = {isa = PBXFileReference; lastKnownFileType = sourcecode.swift; path = MovieShowingsVC.swift; sourceTree = "<group>"; };
		2904D0702353C79B00407B64 /* SettingsViewController.swift */ = {isa = PBXFileReference; lastKnownFileType = sourcecode.swift; path = SettingsViewController.swift; sourceTree = "<group>"; };
		2904D0722353C7CC00407B64 /* SettingsCell.swift */ = {isa = PBXFileReference; lastKnownFileType = sourcecode.swift; path = SettingsCell.swift; sourceTree = "<group>"; };
		2904D09E2358CFB000407B64 /* NetworkImageView.swift */ = {isa = PBXFileReference; lastKnownFileType = sourcecode.swift; path = NetworkImageView.swift; sourceTree = "<group>"; };
		2904D0A0235A4CB300407B64 /* MovieShowingsCell.swift */ = {isa = PBXFileReference; lastKnownFileType = sourcecode.swift; path = MovieShowingsCell.swift; sourceTree = "<group>"; };
		2906154B25AE5CA90043D12C /* DateContainerViewControllerTests.swift */ = {isa = PBXFileReference; lastKnownFileType = sourcecode.swift; path = DateContainerViewControllerTests.swift; sourceTree = "<group>"; };
		29230DEA235CFBD2007C9EB4 /* ErrorLabel.swift */ = {isa = PBXFileReference; lastKnownFileType = sourcecode.swift; path = ErrorLabel.swift; sourceTree = "<group>"; };
		292E7EC0255F0F080077F2FF /* URLSession+Testable.swift */ = {isa = PBXFileReference; lastKnownFileType = sourcecode.swift; path = "URLSession+Testable.swift"; sourceTree = "<group>"; };
		292E7EC8255F15430077F2FF /* Models+Testable.swift */ = {isa = PBXFileReference; lastKnownFileType = sourcecode.swift; path = "Models+Testable.swift"; sourceTree = "<group>"; };
		292E7ECD2561754D0077F2FF /* MovieFetcher.swift */ = {isa = PBXFileReference; lastKnownFileType = sourcecode.swift; path = MovieFetcher.swift; sourceTree = "<group>"; };
		292E7ED2256176DA0077F2FF /* MovieFetcherTests.swift */ = {isa = PBXFileReference; lastKnownFileType = sourcecode.swift; path = MovieFetcherTests.swift; sourceTree = "<group>"; };
		2932FB7E24D35D62009AEDD1 /* Main.storyboard */ = {isa = PBXFileReference; lastKnownFileType = file.storyboard; path = Main.storyboard; sourceTree = "<group>"; };
		2932FB8024D602E8009AEDD1 /* DateContainerViewController.swift */ = {isa = PBXFileReference; lastKnownFileType = sourcecode.swift; path = DateContainerViewController.swift; sourceTree = "<group>"; };
		293BAA7223D11BAD00C07837 /* MovieDetailsView.swift */ = {isa = PBXFileReference; lastKnownFileType = sourcecode.swift; path = MovieDetailsView.swift; sourceTree = "<group>"; };
		293BAA7423DA0D8C00C07837 /* DailyMoviesCell.swift */ = {isa = PBXFileReference; lastKnownFileType = sourcecode.swift; path = DailyMoviesCell.swift; sourceTree = "<group>"; };
		2948398324D1F85500133940 /* DateViewController.swift */ = {isa = PBXFileReference; lastKnownFileType = sourcecode.swift; path = DateViewController.swift; sourceTree = "<group>"; };
		294CD90F23E04BA60064644D /* LoadingView.swift */ = {isa = PBXFileReference; lastKnownFileType = sourcecode.swift; path = LoadingView.swift; sourceTree = "<group>"; };
		294E933123A959BD0062E808 /* SegmentableContainer.swift */ = {isa = PBXFileReference; lastKnownFileType = sourcecode.swift; path = SegmentableContainer.swift; sourceTree = "<group>"; };
		297CA04F259CEE4F00EE95F0 /* DateViewControllerTests.swift */ = {isa = PBXFileReference; lastKnownFileType = sourcecode.swift; path = DateViewControllerTests.swift; sourceTree = "<group>"; };
		29833738256466FA0072347E /* NewLoadingView.swift */ = {isa = PBXFileReference; lastKnownFileType = sourcecode.swift; path = NewLoadingView.swift; sourceTree = "<group>"; };
		298337402564676A0072347E /* NewLoadingView.xib */ = {isa = PBXFileReference; lastKnownFileType = file.xib; path = NewLoadingView.xib; sourceTree = "<group>"; };
		29882D23258E8F2D00CC1873 /* TransitionTableView.swift */ = {isa = PBXFileReference; lastKnownFileType = sourcecode.swift; path = TransitionTableView.swift; sourceTree = "<group>"; };
		299C263124F99D900074E795 /* ShowingsContainerHeaderView.swift */ = {isa = PBXFileReference; lastKnownFileType = sourcecode.swift; path = ShowingsContainerHeaderView.swift; sourceTree = "<group>"; };
		299C263324FC1E100074E795 /* ShowingsContainerViewCell.swift */ = {isa = PBXFileReference; lastKnownFileType = sourcecode.swift; path = ShowingsContainerViewCell.swift; sourceTree = "<group>"; };
		299C26792502DCFC0074E795 /* Fonts.swift */ = {isa = PBXFileReference; lastKnownFileType = sourcecode.swift; path = Fonts.swift; sourceTree = "<group>"; };
		299C267B2502DDB30074E795 /* CustomFontLabel.swift */ = {isa = PBXFileReference; lastKnownFileType = sourcecode.swift; path = CustomFontLabel.swift; sourceTree = "<group>"; };
		299D135124C7667E0012755A /* MovieDetailsView.xib */ = {isa = PBXFileReference; lastKnownFileType = file.xib; path = MovieDetailsView.xib; sourceTree = "<group>"; };
		299D135724C766F00012755A /* MovieDetailsViewController.swift */ = {isa = PBXFileReference; lastKnownFileType = sourcecode.swift; path = MovieDetailsViewController.swift; sourceTree = "<group>"; };
		299D135924CA26DC0012755A /* GradientBackgroundView.swift */ = {isa = PBXFileReference; lastKnownFileType = sourcecode.swift; path = GradientBackgroundView.swift; sourceTree = "<group>"; };
		29A06F5723B0B36D004DB9A4 /* DailyMoviesVC.swift */ = {isa = PBXFileReference; lastKnownFileType = sourcecode.swift; path = DailyMoviesVC.swift; sourceTree = "<group>"; };
		29B4D94623F1C13A00BD9783 /* DateSelectable.swift */ = {isa = PBXFileReference; lastKnownFileType = sourcecode.swift; path = DateSelectable.swift; sourceTree = "<group>"; };
		29B4D94823F1C9C800BD9783 /* ContainerView.swift */ = {isa = PBXFileReference; lastKnownFileType = sourcecode.swift; path = ContainerView.swift; sourceTree = "<group>"; };
		29B4D94A23F1EC0600BD9783 /* City.swift */ = {isa = PBXFileReference; lastKnownFileType = sourcecode.swift; path = City.swift; sourceTree = "<group>"; };
		29B4D95023F9C09400BD9783 /* TestHelper.swift */ = {isa = PBXFileReference; lastKnownFileType = sourcecode.swift; path = TestHelper.swift; sourceTree = "<group>"; };
		29B4D95223FB1C0500BD9783 /* MovieDetailsVCTests.swift */ = {isa = PBXFileReference; lastKnownFileType = sourcecode.swift; path = MovieDetailsVCTests.swift; sourceTree = "<group>"; };
		29B9C95D237F42A30035EF0B /* CinemaTests.xctest */ = {isa = PBXFileReference; explicitFileType = wrapper.cfbundle; includeInIndex = 0; path = CinemaTests.xctest; sourceTree = BUILT_PRODUCTS_DIR; };
		29B9C961237F42A30035EF0B /* Info.plist */ = {isa = PBXFileReference; lastKnownFileType = text.plist.xml; path = Info.plist; sourceTree = "<group>"; };
		29B9C96A237F44770035EF0B /* DateSelectorTests.swift */ = {isa = PBXFileReference; lastKnownFileType = sourcecode.swift; path = DateSelectorTests.swift; sourceTree = "<group>"; };
		29B9C977237F4F3F0035EF0B /* DailyMoviesVCTests.swift */ = {isa = PBXFileReference; lastKnownFileType = sourcecode.swift; path = DailyMoviesVCTests.swift; sourceTree = "<group>"; };
		29B9C97D237F4F850035EF0B /* SettingsViewControllerTests.swift */ = {isa = PBXFileReference; lastKnownFileType = sourcecode.swift; path = SettingsViewControllerTests.swift; sourceTree = "<group>"; };
		29B9C97F237F4F980035EF0B /* DailyShowingsVCTests.swift */ = {isa = PBXFileReference; lastKnownFileType = sourcecode.swift; path = DailyShowingsVCTests.swift; sourceTree = "<group>"; };
		29B9C981237F4FB70035EF0B /* MovieShowingsVCTests.swift */ = {isa = PBXFileReference; lastKnownFileType = sourcecode.swift; path = MovieShowingsVCTests.swift; sourceTree = "<group>"; };
		29CE105924E1E8560030D841 /* MoviesViewCell.swift */ = {isa = PBXFileReference; lastKnownFileType = sourcecode.swift; path = MoviesViewCell.swift; sourceTree = "<group>"; };
		29DA934F24DC8FEF004C145B /* DateShowingCell.swift */ = {isa = PBXFileReference; lastKnownFileType = sourcecode.swift; path = DateShowingCell.swift; sourceTree = "<group>"; };
		29E99C2B2402F5E7003A4141 /* CinemaUITests.xctest */ = {isa = PBXFileReference; explicitFileType = wrapper.cfbundle; includeInIndex = 0; path = CinemaUITests.xctest; sourceTree = BUILT_PRODUCTS_DIR; };
		29E99C2D2402F5E7003A4141 /* CinemaUITests.swift */ = {isa = PBXFileReference; lastKnownFileType = sourcecode.swift; path = CinemaUITests.swift; sourceTree = "<group>"; };
		29E99C2F2402F5E7003A4141 /* Info.plist */ = {isa = PBXFileReference; lastKnownFileType = text.plist.xml; path = Info.plist; sourceTree = "<group>"; };
/* End PBXFileReference section */

/* Begin PBXFrameworksBuildPhase section */
		2904C75D2336982B00407B64 /* Frameworks */ = {
			isa = PBXFrameworksBuildPhase;
			buildActionMask = 2147483647;
			files = (
			);
			runOnlyForDeploymentPostprocessing = 0;
		};
		29B9C95A237F42A30035EF0B /* Frameworks */ = {
			isa = PBXFrameworksBuildPhase;
			buildActionMask = 2147483647;
			files = (
			);
			runOnlyForDeploymentPostprocessing = 0;
		};
		29E99C282402F5E7003A4141 /* Frameworks */ = {
			isa = PBXFrameworksBuildPhase;
			buildActionMask = 2147483647;
			files = (
			);
			runOnlyForDeploymentPostprocessing = 0;
		};
/* End PBXFrameworksBuildPhase section */

/* Begin PBXGroup section */
		2904C7572336982B00407B64 = {
			isa = PBXGroup;
			children = (
				2904C7622336982B00407B64 /* Cinema */,
				29B9C95E237F42A30035EF0B /* CinemaTests */,
				29E99C2C2402F5E7003A4141 /* CinemaUITests */,
				2904C7612336982B00407B64 /* Products */,
			);
			sourceTree = "<group>";
		};
		2904C7612336982B00407B64 /* Products */ = {
			isa = PBXGroup;
			children = (
				2904C7602336982B00407B64 /* iKinas.app */,
				29B9C95D237F42A30035EF0B /* CinemaTests.xctest */,
				29E99C2B2402F5E7003A4141 /* CinemaUITests.xctest */,
			);
			name = Products;
			sourceTree = "<group>";
		};
		2904C7622336982B00407B64 /* Cinema */ = {
			isa = PBXGroup;
			children = (
				2904C7632336982B00407B64 /* AppDelegate.swift */,
				2904C7952336A10700407B64 /* Models */,
				29B4D94523F095F100BD9783 /* Protocols */,
				2904C7942336A0EB00407B64 /* View Controllers */,
				2904C7962336A10E00407B64 /* Views */,
				2904C7A12336B07700407B64 /* Supporting Files */,
				2904C76D2336982D00407B64 /* Assets.xcassets */,
				2904C7722336982D00407B64 /* Info.plist */,
				2904C76F2336982D00407B64 /* LaunchScreen.storyboard */,
				2932FB7E24D35D62009AEDD1 /* Main.storyboard */,
			);
			path = Cinema;
			sourceTree = "<group>";
		};
		2904C7942336A0EB00407B64 /* View Controllers */ = {
			isa = PBXGroup;
			children = (
				2948398324D1F85500133940 /* DateViewController.swift */,
				2932FB8024D602E8009AEDD1 /* DateContainerViewController.swift */,
				299D135724C766F00012755A /* MovieDetailsViewController.swift */,
				2904D0702353C79B00407B64 /* SettingsViewController.swift */,
				2904C9E7233EB5FB00407B64 /* Container Controllers */,
			);
			path = "View Controllers";
			sourceTree = "<group>";
		};
		2904C7952336A10700407B64 /* Models */ = {
			isa = PBXGroup;
			children = (
				29B4D94A23F1EC0600BD9783 /* City.swift */,
				2904C7A6233825D800407B64 /* DateSelector.swift */,
				2904C79D2336A69100407B64 /* Movie.swift */,
				2904C79F2336A69B00407B64 /* Showing.swift */,
				292E7ECD2561754D0077F2FF /* MovieFetcher.swift */,
			);
			path = Models;
			sourceTree = "<group>";
		};
		2904C7962336A10E00407B64 /* Views */ = {
			isa = PBXGroup;
			children = (
				29882D23258E8F2D00CC1873 /* TransitionTableView.swift */,
				299D135124C7667E0012755A /* MovieDetailsView.xib */,
				29833738256466FA0072347E /* NewLoadingView.swift */,
				298337402564676A0072347E /* NewLoadingView.xib */,
				2904C7BD233BE80300407B64 /* Cells */,
				29B4D94823F1C9C800BD9783 /* ContainerView.swift */,
				29230DEA235CFBD2007C9EB4 /* ErrorLabel.swift */,
				294CD90F23E04BA60064644D /* LoadingView.swift */,
				293BAA7223D11BAD00C07837 /* MovieDetailsView.swift */,
				2904D09E2358CFB000407B64 /* NetworkImageView.swift */,
				2904C7AE23393A4E00407B64 /* SegmentedControl.swift */,
				299D135924CA26DC0012755A /* GradientBackgroundView.swift */,
				299C267B2502DDB30074E795 /* CustomFontLabel.swift */,
			);
			path = Views;
			sourceTree = "<group>";
		};
		2904C7A12336B07700407B64 /* Supporting Files */ = {
			isa = PBXGroup;
			children = (
				2904C7B5233BC6F700407B64 /* Constants.swift */,
				2904C7A22336B09100407B64 /* Extensions.swift */,
				299C26792502DCFC0074E795 /* Fonts.swift */,
			);
			path = "Supporting Files";
			sourceTree = "<group>";
		};
		2904C7BD233BE80300407B64 /* Cells */ = {
			isa = PBXGroup;
			children = (
				299C263124F99D900074E795 /* ShowingsContainerHeaderView.swift */,
				299C263324FC1E100074E795 /* ShowingsContainerViewCell.swift */,
				29DA934F24DC8FEF004C145B /* DateShowingCell.swift */,
				29CE105924E1E8560030D841 /* MoviesViewCell.swift */,
				293BAA7423DA0D8C00C07837 /* DailyMoviesCell.swift */,
				2904C7B9233BE7F600407B64 /* DailyShowingsCell.swift */,
				2904D0A0235A4CB300407B64 /* MovieShowingsCell.swift */,
				2904D0722353C7CC00407B64 /* SettingsCell.swift */,
			);
			path = Cells;
			sourceTree = "<group>";
		};
		2904C9E7233EB5FB00407B64 /* Container Controllers */ = {
			isa = PBXGroup;
			children = (
				29A06F5723B0B36D004DB9A4 /* DailyMoviesVC.swift */,
				2904C7B7233BDE3000407B64 /* DailyShowingsVC.swift */,
				2904C9EE233FF53100407B64 /* MovieDetailsVC.swift */,
				2904C9F02341208400407B64 /* MovieShowingsVC.swift */,
			);
			path = "Container Controllers";
			sourceTree = "<group>";
		};
		292E7EAF255DD2560077F2FF /* Supporting Files */ = {
			isa = PBXGroup;
			children = (
				292E7EC0255F0F080077F2FF /* URLSession+Testable.swift */,
				292E7EC8255F15430077F2FF /* Models+Testable.swift */,
			);
			path = "Supporting Files";
			sourceTree = "<group>";
		};
		29B4D94523F095F100BD9783 /* Protocols */ = {
			isa = PBXGroup;
			children = (
				29B4D94623F1C13A00BD9783 /* DateSelectable.swift */,
				294E933123A959BD0062E808 /* SegmentableContainer.swift */,
			);
			path = Protocols;
			sourceTree = "<group>";
		};
		29B9C95E237F42A30035EF0B /* CinemaTests */ = {
			isa = PBXGroup;
			children = (
				292E7EAF255DD2560077F2FF /* Supporting Files */,
				29B4D95023F9C09400BD9783 /* TestHelper.swift */,
				29B9C968237F42B30035EF0B /* Models Tests */,
				29B9C967237F42B00035EF0B /* View Controllers Tests */,
				29B9C961237F42A30035EF0B /* Info.plist */,
			);
			path = CinemaTests;
			sourceTree = "<group>";
		};
		29B9C967237F42B00035EF0B /* View Controllers Tests */ = {
			isa = PBXGroup;
			children = (
				297CA04F259CEE4F00EE95F0 /* DateViewControllerTests.swift */,
				2906154B25AE5CA90043D12C /* DateContainerViewControllerTests.swift */,
				29B9C97D237F4F850035EF0B /* SettingsViewControllerTests.swift */,
				29B9C976237F4F170035EF0B /* Container Controllers Tests */,
			);
			path = "View Controllers Tests";
			sourceTree = "<group>";
		};
		29B9C968237F42B30035EF0B /* Models Tests */ = {
			isa = PBXGroup;
			children = (
				29B9C96A237F44770035EF0B /* DateSelectorTests.swift */,
				292E7ED2256176DA0077F2FF /* MovieFetcherTests.swift */,
			);
			path = "Models Tests";
			sourceTree = "<group>";
		};
		29B9C976237F4F170035EF0B /* Container Controllers Tests */ = {
			isa = PBXGroup;
			children = (
				29B9C977237F4F3F0035EF0B /* DailyMoviesVCTests.swift */,
				29B9C97F237F4F980035EF0B /* DailyShowingsVCTests.swift */,
				29B4D95223FB1C0500BD9783 /* MovieDetailsVCTests.swift */,
				29B9C981237F4FB70035EF0B /* MovieShowingsVCTests.swift */,
			);
			path = "Container Controllers Tests";
			sourceTree = "<group>";
		};
		29E99C2C2402F5E7003A4141 /* CinemaUITests */ = {
			isa = PBXGroup;
			children = (
				29E99C2D2402F5E7003A4141 /* CinemaUITests.swift */,
				29E99C2F2402F5E7003A4141 /* Info.plist */,
			);
			path = CinemaUITests;
			sourceTree = "<group>";
		};
/* End PBXGroup section */

/* Begin PBXNativeTarget section */
		2904C75F2336982B00407B64 /* Cinema */ = {
			isa = PBXNativeTarget;
			buildConfigurationList = 2904C78B2336982D00407B64 /* Build configuration list for PBXNativeTarget "Cinema" */;
			buildPhases = (
				2904C75C2336982B00407B64 /* Sources */,
				2904C75D2336982B00407B64 /* Frameworks */,
				2904C75E2336982B00407B64 /* Resources */,
				29B4D94D23F5BB6A00BD9783 /* ShellScript */,
			);
			buildRules = (
			);
			dependencies = (
			);
			name = Cinema;
			productName = Cinema;
			productReference = 2904C7602336982B00407B64 /* iKinas.app */;
			productType = "com.apple.product-type.application";
		};
		29B9C95C237F42A30035EF0B /* CinemaTests */ = {
			isa = PBXNativeTarget;
			buildConfigurationList = 29B9C966237F42A30035EF0B /* Build configuration list for PBXNativeTarget "CinemaTests" */;
			buildPhases = (
				29B9C959237F42A30035EF0B /* Sources */,
				29B9C95A237F42A30035EF0B /* Frameworks */,
				29B9C95B237F42A30035EF0B /* Resources */,
			);
			buildRules = (
			);
			dependencies = (
				29B9C963237F42A30035EF0B /* PBXTargetDependency */,
			);
			name = CinemaTests;
			productName = CinemaTests;
			productReference = 29B9C95D237F42A30035EF0B /* CinemaTests.xctest */;
			productType = "com.apple.product-type.bundle.unit-test";
		};
		29E99C2A2402F5E7003A4141 /* CinemaUITests */ = {
			isa = PBXNativeTarget;
			buildConfigurationList = 29E99C342402F5E7003A4141 /* Build configuration list for PBXNativeTarget "CinemaUITests" */;
			buildPhases = (
				29E99C272402F5E7003A4141 /* Sources */,
				29E99C282402F5E7003A4141 /* Frameworks */,
				29E99C292402F5E7003A4141 /* Resources */,
			);
			buildRules = (
			);
			dependencies = (
				29E99C312402F5E7003A4141 /* PBXTargetDependency */,
			);
			name = CinemaUITests;
			productName = CinemaUITests;
			productReference = 29E99C2B2402F5E7003A4141 /* CinemaUITests.xctest */;
			productType = "com.apple.product-type.bundle.ui-testing";
		};
/* End PBXNativeTarget section */

/* Begin PBXProject section */
		2904C7582336982B00407B64 /* Project object */ = {
			isa = PBXProject;
			attributes = {
				LastSwiftUpdateCheck = 1130;
				LastUpgradeCheck = 1030;
				ORGANIZATIONNAME = Marius;
				TargetAttributes = {
					2904C75F2336982B00407B64 = {
						CreatedOnToolsVersion = 10.3;
					};
					29B9C95C237F42A30035EF0B = {
						CreatedOnToolsVersion = 11.2;
						LastSwiftMigration = 1120;
						TestTargetID = 2904C75F2336982B00407B64;
					};
					29E99C2A2402F5E7003A4141 = {
						CreatedOnToolsVersion = 11.3;
						TestTargetID = 2904C75F2336982B00407B64;
					};
				};
			};
			buildConfigurationList = 2904C75B2336982B00407B64 /* Build configuration list for PBXProject "Cinema" */;
			compatibilityVersion = "Xcode 9.3";
			developmentRegion = en;
			hasScannedForEncodings = 0;
			knownRegions = (
				en,
				Base,
			);
			mainGroup = 2904C7572336982B00407B64;
			productRefGroup = 2904C7612336982B00407B64 /* Products */;
			projectDirPath = "";
			projectRoot = "";
			targets = (
				2904C75F2336982B00407B64 /* Cinema */,
				29B9C95C237F42A30035EF0B /* CinemaTests */,
				29E99C2A2402F5E7003A4141 /* CinemaUITests */,
			);
		};
/* End PBXProject section */

/* Begin PBXResourcesBuildPhase section */
		2904C75E2336982B00407B64 /* Resources */ = {
			isa = PBXResourcesBuildPhase;
			buildActionMask = 2147483647;
			files = (
				2904C7712336982D00407B64 /* LaunchScreen.storyboard in Resources */,
				2932FB7F24D35D62009AEDD1 /* Main.storyboard in Resources */,
				299D135224C7667E0012755A /* MovieDetailsView.xib in Resources */,
				298337412564676A0072347E /* NewLoadingView.xib in Resources */,
				2904C76E2336982D00407B64 /* Assets.xcassets in Resources */,
			);
			runOnlyForDeploymentPostprocessing = 0;
		};
		29B9C95B237F42A30035EF0B /* Resources */ = {
			isa = PBXResourcesBuildPhase;
			buildActionMask = 2147483647;
			files = (
			);
			runOnlyForDeploymentPostprocessing = 0;
		};
		29E99C292402F5E7003A4141 /* Resources */ = {
			isa = PBXResourcesBuildPhase;
			buildActionMask = 2147483647;
			files = (
			);
			runOnlyForDeploymentPostprocessing = 0;
		};
/* End PBXResourcesBuildPhase section */

/* Begin PBXShellScriptBuildPhase section */
		29B4D94D23F5BB6A00BD9783 /* ShellScript */ = {
			isa = PBXShellScriptBuildPhase;
			buildActionMask = 2147483647;
			files = (
			);
			inputFileListPaths = (
			);
			inputPaths = (
			);
			outputFileListPaths = (
			);
			outputPaths = (
			);
			runOnlyForDeploymentPostprocessing = 0;
			shellPath = /bin/sh;
			shellScript = "if which swiftlint >/dev/null; then\n  swiftlint\nelse\n  echo \"warning: SwiftLint not installed, download from https://github.com/realm/SwiftLint\"\nfi\n";
		};
/* End PBXShellScriptBuildPhase section */

/* Begin PBXSourcesBuildPhase section */
		2904C75C2336982B00407B64 /* Sources */ = {
			isa = PBXSourcesBuildPhase;
			buildActionMask = 2147483647;
			files = (
				2904C9EF233FF53100407B64 /* MovieDetailsVC.swift in Sources */,
				29B4D94B23F1EC0600BD9783 /* City.swift in Sources */,
				2904C7B8233BDE3000407B64 /* DailyShowingsVC.swift in Sources */,
				299D135A24CA26DC0012755A /* GradientBackgroundView.swift in Sources */,
				2904C9F12341208400407B64 /* MovieShowingsVC.swift in Sources */,
				2932FB8124D602E8009AEDD1 /* DateContainerViewController.swift in Sources */,
				29833739256466FA0072347E /* NewLoadingView.swift in Sources */,
				29882D24258E8F2D00CC1873 /* TransitionTableView.swift in Sources */,
				299C267C2502DDB30074E795 /* CustomFontLabel.swift in Sources */,
				294CD91023E04BA60064644D /* LoadingView.swift in Sources */,
				29CE105A24E1E8560030D841 /* MoviesViewCell.swift in Sources */,
				2904C7A7233825D800407B64 /* DateSelector.swift in Sources */,
				29230DEB235CFBD2007C9EB4 /* ErrorLabel.swift in Sources */,
				29DA935024DC8FEF004C145B /* DateShowingCell.swift in Sources */,
				294E933223A959BD0062E808 /* SegmentableContainer.swift in Sources */,
				299C267A2502DCFD0074E795 /* Fonts.swift in Sources */,
				293BAA7323D11BAD00C07837 /* MovieDetailsView.swift in Sources */,
				29B4D94923F1C9C800BD9783 /* ContainerView.swift in Sources */,
				2904C7642336982B00407B64 /* AppDelegate.swift in Sources */,
				2904D09F2358CFB000407B64 /* NetworkImageView.swift in Sources */,
				293BAA7523DA0D8C00C07837 /* DailyMoviesCell.swift in Sources */,
				2948398424D1F85500133940 /* DateViewController.swift in Sources */,
				2904D0A2235A4CB300407B64 /* MovieShowingsCell.swift in Sources */,
				2904C79E2336A69100407B64 /* Movie.swift in Sources */,
				2904D0742353C7CC00407B64 /* SettingsCell.swift in Sources */,
				299C263424FC1E100074E795 /* ShowingsContainerViewCell.swift in Sources */,
				292E7ECE2561754D0077F2FF /* MovieFetcher.swift in Sources */,
				2904C7A32336B09100407B64 /* Extensions.swift in Sources */,
				299D135824C766F00012755A /* MovieDetailsViewController.swift in Sources */,
				2904C7BB233BE7F600407B64 /* DailyShowingsCell.swift in Sources */,
				2904C7A02336A69B00407B64 /* Showing.swift in Sources */,
				2904D0712353C79B00407B64 /* SettingsViewController.swift in Sources */,
				2904C7B6233BC6F700407B64 /* Constants.swift in Sources */,
				2904C7AF23393A4E00407B64 /* SegmentedControl.swift in Sources */,
				299C263224F99D900074E795 /* ShowingsContainerHeaderView.swift in Sources */,
				29A06F5823B0B36D004DB9A4 /* DailyMoviesVC.swift in Sources */,
				29B4D94723F1C13A00BD9783 /* DateSelectable.swift in Sources */,
			);
			runOnlyForDeploymentPostprocessing = 0;
		};
		29B9C959237F42A30035EF0B /* Sources */ = {
			isa = PBXSourcesBuildPhase;
			buildActionMask = 2147483647;
			files = (
				292E7EC1255F0F080077F2FF /* URLSession+Testable.swift in Sources */,
				29B9C96B237F44770035EF0B /* DateSelectorTests.swift in Sources */,
				297CA050259CEE4F00EE95F0 /* DateViewControllerTests.swift in Sources */,
				29B4D95323FB1C0500BD9783 /* MovieDetailsVCTests.swift in Sources */,
				2906154C25AE5CA90043D12C /* DateContainerViewControllerTests.swift in Sources */,
				292E7ED3256176DA0077F2FF /* MovieFetcherTests.swift in Sources */,
				29B9C97E237F4F850035EF0B /* SettingsViewControllerTests.swift in Sources */,
				29B9C982237F4FB70035EF0B /* MovieShowingsVCTests.swift in Sources */,
				29B9C980237F4F980035EF0B /* DailyShowingsVCTests.swift in Sources */,
				29B4D95123F9C09400BD9783 /* TestHelper.swift in Sources */,
				29B9C978237F4F3F0035EF0B /* DailyMoviesVCTests.swift in Sources */,
				292E7EC9255F15430077F2FF /* Models+Testable.swift in Sources */,
			);
			runOnlyForDeploymentPostprocessing = 0;
		};
		29E99C272402F5E7003A4141 /* Sources */ = {
			isa = PBXSourcesBuildPhase;
			buildActionMask = 2147483647;
			files = (
				29E99C2E2402F5E7003A4141 /* CinemaUITests.swift in Sources */,
			);
			runOnlyForDeploymentPostprocessing = 0;
		};
/* End PBXSourcesBuildPhase section */

/* Begin PBXTargetDependency section */
		29B9C963237F42A30035EF0B /* PBXTargetDependency */ = {
			isa = PBXTargetDependency;
			target = 2904C75F2336982B00407B64 /* Cinema */;
			targetProxy = 29B9C962237F42A30035EF0B /* PBXContainerItemProxy */;
		};
		29E99C312402F5E7003A4141 /* PBXTargetDependency */ = {
			isa = PBXTargetDependency;
			target = 2904C75F2336982B00407B64 /* Cinema */;
			targetProxy = 29E99C302402F5E7003A4141 /* PBXContainerItemProxy */;
		};
/* End PBXTargetDependency section */

/* Begin PBXVariantGroup section */
		2904C76F2336982D00407B64 /* LaunchScreen.storyboard */ = {
			isa = PBXVariantGroup;
			children = (
				2904C7702336982D00407B64 /* Base */,
			);
			name = LaunchScreen.storyboard;
			sourceTree = "<group>";
		};
/* End PBXVariantGroup section */

/* Begin XCBuildConfiguration section */
		2904C7892336982D00407B64 /* Debug */ = {
			isa = XCBuildConfiguration;
			buildSettings = {
				ALWAYS_SEARCH_USER_PATHS = NO;
				CLANG_ANALYZER_NONNULL = YES;
				CLANG_ANALYZER_NUMBER_OBJECT_CONVERSION = YES_AGGRESSIVE;
				CLANG_CXX_LANGUAGE_STANDARD = "gnu++14";
				CLANG_CXX_LIBRARY = "libc++";
				CLANG_ENABLE_MODULES = YES;
				CLANG_ENABLE_OBJC_ARC = YES;
				CLANG_ENABLE_OBJC_WEAK = YES;
				CLANG_WARN_BLOCK_CAPTURE_AUTORELEASING = YES;
				CLANG_WARN_BOOL_CONVERSION = YES;
				CLANG_WARN_COMMA = YES;
				CLANG_WARN_CONSTANT_CONVERSION = YES;
				CLANG_WARN_DEPRECATED_OBJC_IMPLEMENTATIONS = YES;
				CLANG_WARN_DIRECT_OBJC_ISA_USAGE = YES_ERROR;
				CLANG_WARN_DOCUMENTATION_COMMENTS = YES;
				CLANG_WARN_EMPTY_BODY = YES;
				CLANG_WARN_ENUM_CONVERSION = YES;
				CLANG_WARN_INFINITE_RECURSION = YES;
				CLANG_WARN_INT_CONVERSION = YES;
				CLANG_WARN_NON_LITERAL_NULL_CONVERSION = YES;
				CLANG_WARN_OBJC_IMPLICIT_RETAIN_SELF = YES;
				CLANG_WARN_OBJC_LITERAL_CONVERSION = YES;
				CLANG_WARN_OBJC_ROOT_CLASS = YES_ERROR;
				CLANG_WARN_RANGE_LOOP_ANALYSIS = YES;
				CLANG_WARN_STRICT_PROTOTYPES = YES;
				CLANG_WARN_SUSPICIOUS_MOVE = YES;
				CLANG_WARN_UNGUARDED_AVAILABILITY = YES_AGGRESSIVE;
				CLANG_WARN_UNREACHABLE_CODE = YES;
				CLANG_WARN__DUPLICATE_METHOD_MATCH = YES;
				CODE_SIGN_IDENTITY = "iPhone Developer";
				COPY_PHASE_STRIP = NO;
				DEBUG_INFORMATION_FORMAT = dwarf;
				ENABLE_STRICT_OBJC_MSGSEND = YES;
				ENABLE_TESTABILITY = YES;
				GCC_C_LANGUAGE_STANDARD = gnu11;
				GCC_DYNAMIC_NO_PIC = NO;
				GCC_NO_COMMON_BLOCKS = YES;
				GCC_OPTIMIZATION_LEVEL = 0;
				GCC_PREPROCESSOR_DEFINITIONS = (
					"DEBUG=1",
					"$(inherited)",
				);
				GCC_WARN_64_TO_32_BIT_CONVERSION = YES;
				GCC_WARN_ABOUT_RETURN_TYPE = YES_ERROR;
				GCC_WARN_UNDECLARED_SELECTOR = YES;
				GCC_WARN_UNINITIALIZED_AUTOS = YES_AGGRESSIVE;
				GCC_WARN_UNUSED_FUNCTION = YES;
				GCC_WARN_UNUSED_VARIABLE = YES;
				IPHONEOS_DEPLOYMENT_TARGET = 12.0;
				MTL_ENABLE_DEBUG_INFO = INCLUDE_SOURCE;
				MTL_FAST_MATH = YES;
				ONLY_ACTIVE_ARCH = YES;
				SDKROOT = iphoneos;
				SWIFT_ACTIVE_COMPILATION_CONDITIONS = DEBUG;
				SWIFT_OPTIMIZATION_LEVEL = "-Onone";
				TARGETED_DEVICE_FAMILY = 1;
			};
			name = Debug;
		};
		2904C78A2336982D00407B64 /* Release */ = {
			isa = XCBuildConfiguration;
			buildSettings = {
				ALWAYS_SEARCH_USER_PATHS = NO;
				CLANG_ANALYZER_NONNULL = YES;
				CLANG_ANALYZER_NUMBER_OBJECT_CONVERSION = YES_AGGRESSIVE;
				CLANG_CXX_LANGUAGE_STANDARD = "gnu++14";
				CLANG_CXX_LIBRARY = "libc++";
				CLANG_ENABLE_MODULES = YES;
				CLANG_ENABLE_OBJC_ARC = YES;
				CLANG_ENABLE_OBJC_WEAK = YES;
				CLANG_WARN_BLOCK_CAPTURE_AUTORELEASING = YES;
				CLANG_WARN_BOOL_CONVERSION = YES;
				CLANG_WARN_COMMA = YES;
				CLANG_WARN_CONSTANT_CONVERSION = YES;
				CLANG_WARN_DEPRECATED_OBJC_IMPLEMENTATIONS = YES;
				CLANG_WARN_DIRECT_OBJC_ISA_USAGE = YES_ERROR;
				CLANG_WARN_DOCUMENTATION_COMMENTS = YES;
				CLANG_WARN_EMPTY_BODY = YES;
				CLANG_WARN_ENUM_CONVERSION = YES;
				CLANG_WARN_INFINITE_RECURSION = YES;
				CLANG_WARN_INT_CONVERSION = YES;
				CLANG_WARN_NON_LITERAL_NULL_CONVERSION = YES;
				CLANG_WARN_OBJC_IMPLICIT_RETAIN_SELF = YES;
				CLANG_WARN_OBJC_LITERAL_CONVERSION = YES;
				CLANG_WARN_OBJC_ROOT_CLASS = YES_ERROR;
				CLANG_WARN_RANGE_LOOP_ANALYSIS = YES;
				CLANG_WARN_STRICT_PROTOTYPES = YES;
				CLANG_WARN_SUSPICIOUS_MOVE = YES;
				CLANG_WARN_UNGUARDED_AVAILABILITY = YES_AGGRESSIVE;
				CLANG_WARN_UNREACHABLE_CODE = YES;
				CLANG_WARN__DUPLICATE_METHOD_MATCH = YES;
				CODE_SIGN_IDENTITY = "iPhone Developer";
				COPY_PHASE_STRIP = NO;
				DEBUG_INFORMATION_FORMAT = "dwarf-with-dsym";
				ENABLE_NS_ASSERTIONS = NO;
				ENABLE_STRICT_OBJC_MSGSEND = YES;
				GCC_C_LANGUAGE_STANDARD = gnu11;
				GCC_NO_COMMON_BLOCKS = YES;
				GCC_WARN_64_TO_32_BIT_CONVERSION = YES;
				GCC_WARN_ABOUT_RETURN_TYPE = YES_ERROR;
				GCC_WARN_UNDECLARED_SELECTOR = YES;
				GCC_WARN_UNINITIALIZED_AUTOS = YES_AGGRESSIVE;
				GCC_WARN_UNUSED_FUNCTION = YES;
				GCC_WARN_UNUSED_VARIABLE = YES;
				IPHONEOS_DEPLOYMENT_TARGET = 12.0;
				MTL_ENABLE_DEBUG_INFO = NO;
				MTL_FAST_MATH = YES;
				SDKROOT = iphoneos;
				SWIFT_COMPILATION_MODE = wholemodule;
				SWIFT_OPTIMIZATION_LEVEL = "-O";
				TARGETED_DEVICE_FAMILY = 1;
				VALIDATE_PRODUCT = YES;
			};
			name = Release;
		};
		2904C78C2336982D00407B64 /* Debug */ = {
			isa = XCBuildConfiguration;
			buildSettings = {
				ASSETCATALOG_COMPILER_APPICON_NAME = AppIcon;
				CODE_SIGN_STYLE = Automatic;
				CURRENT_PROJECT_VERSION = 1.2;
				DEVELOPMENT_TEAM = LZTF7R47SK;
				INFOPLIST_FILE = Cinema/Info.plist;
				LD_RUNPATH_SEARCH_PATHS = (
					"$(inherited)",
					"@executable_path/Frameworks",
				);
				MARKETING_VERSION = 1.0.1;
				PRODUCT_BUNDLE_IDENTIFIER = com.MariusK.Cinema;
				PRODUCT_NAME = iKinas;
				SWIFT_VERSION = 5.0;
				TARGETED_DEVICE_FAMILY = 1;
			};
			name = Debug;
		};
		2904C78D2336982D00407B64 /* Release */ = {
			isa = XCBuildConfiguration;
			buildSettings = {
				ASSETCATALOG_COMPILER_APPICON_NAME = AppIcon;
				CODE_SIGN_STYLE = Automatic;
				CURRENT_PROJECT_VERSION = 1.2;
				DEVELOPMENT_TEAM = LZTF7R47SK;
				INFOPLIST_FILE = Cinema/Info.plist;
				LD_RUNPATH_SEARCH_PATHS = (
					"$(inherited)",
					"@executable_path/Frameworks",
				);
				MARKETING_VERSION = 1.0.1;
				PRODUCT_BUNDLE_IDENTIFIER = com.MariusK.Cinema;
				PRODUCT_NAME = iKinas;
				SWIFT_VERSION = 5.0;
				TARGETED_DEVICE_FAMILY = 1;
			};
			name = Release;
		};
		29B9C964237F42A30035EF0B /* Debug */ = {
			isa = XCBuildConfiguration;
			buildSettings = {
				BUNDLE_LOADER = "$(TEST_HOST)";
				CLANG_ENABLE_MODULES = YES;
				CODE_SIGN_STYLE = Automatic;
				DEVELOPMENT_TEAM = LZTF7R47SK;
				INFOPLIST_FILE = CinemaTests/Info.plist;
				IPHONEOS_DEPLOYMENT_TARGET = 12.0;
				LD_RUNPATH_SEARCH_PATHS = (
					"$(inherited)",
					"@executable_path/Frameworks",
					"@loader_path/Frameworks",
				);
				PRODUCT_BUNDLE_IDENTIFIER = com.MariusK.CinemaTests;
				PRODUCT_NAME = "$(TARGET_NAME)";
				SWIFT_INSTALL_OBJC_HEADER = NO;
				SWIFT_OPTIMIZATION_LEVEL = "-Onone";
				SWIFT_VERSION = 5.0;
				TARGETED_DEVICE_FAMILY = "1,2";
				TEST_HOST = "$(BUILT_PRODUCTS_DIR)/iKinas.app/iKinas";
			};
			name = Debug;
		};
		29B9C965237F42A30035EF0B /* Release */ = {
			isa = XCBuildConfiguration;
			buildSettings = {
				BUNDLE_LOADER = "$(TEST_HOST)";
				CLANG_ENABLE_MODULES = YES;
				CODE_SIGN_STYLE = Automatic;
				DEVELOPMENT_TEAM = LZTF7R47SK;
				INFOPLIST_FILE = CinemaTests/Info.plist;
				IPHONEOS_DEPLOYMENT_TARGET = 12.0;
				LD_RUNPATH_SEARCH_PATHS = (
					"$(inherited)",
					"@executable_path/Frameworks",
					"@loader_path/Frameworks",
				);
				PRODUCT_BUNDLE_IDENTIFIER = com.MariusK.CinemaTests;
				PRODUCT_NAME = "$(TARGET_NAME)";
				SWIFT_INSTALL_OBJC_HEADER = NO;
				SWIFT_VERSION = 5.0;
				TARGETED_DEVICE_FAMILY = "1,2";
				TEST_HOST = "$(BUILT_PRODUCTS_DIR)/iKinas.app/iKinas";
			};
			name = Release;
		};
		29E99C322402F5E7003A4141 /* Debug */ = {
			isa = XCBuildConfiguration;
			buildSettings = {
				CODE_SIGN_STYLE = Automatic;
				DEVELOPMENT_TEAM = LZTF7R47SK;
				INFOPLIST_FILE = CinemaUITests/Info.plist;
				IPHONEOS_DEPLOYMENT_TARGET = 12.0;
				LD_RUNPATH_SEARCH_PATHS = (
					"$(inherited)",
					"@executable_path/Frameworks",
					"@loader_path/Frameworks",
				);
				PRODUCT_BUNDLE_IDENTIFIER = com.MariusK.CinemaUITests;
				PRODUCT_NAME = "$(TARGET_NAME)";
				SWIFT_VERSION = 5.0;
				TARGETED_DEVICE_FAMILY = "1,2";
				TEST_TARGET_NAME = Cinema;
			};
			name = Debug;
		};
		29E99C332402F5E7003A4141 /* Release */ = {
			isa = XCBuildConfiguration;
			buildSettings = {
				CODE_SIGN_STYLE = Automatic;
				DEVELOPMENT_TEAM = LZTF7R47SK;
				INFOPLIST_FILE = CinemaUITests/Info.plist;
				IPHONEOS_DEPLOYMENT_TARGET = 12.0;
				LD_RUNPATH_SEARCH_PATHS = (
					"$(inherited)",
					"@executable_path/Frameworks",
					"@loader_path/Frameworks",
				);
				PRODUCT_BUNDLE_IDENTIFIER = com.MariusK.CinemaUITests;
				PRODUCT_NAME = "$(TARGET_NAME)";
				SWIFT_VERSION = 5.0;
				TARGETED_DEVICE_FAMILY = "1,2";
				TEST_TARGET_NAME = Cinema;
			};
			name = Release;
		};
/* End XCBuildConfiguration section */

/* Begin XCConfigurationList section */
		2904C75B2336982B00407B64 /* Build configuration list for PBXProject "Cinema" */ = {
			isa = XCConfigurationList;
			buildConfigurations = (
				2904C7892336982D00407B64 /* Debug */,
				2904C78A2336982D00407B64 /* Release */,
			);
			defaultConfigurationIsVisible = 0;
			defaultConfigurationName = Release;
		};
		2904C78B2336982D00407B64 /* Build configuration list for PBXNativeTarget "Cinema" */ = {
			isa = XCConfigurationList;
			buildConfigurations = (
				2904C78C2336982D00407B64 /* Debug */,
				2904C78D2336982D00407B64 /* Release */,
			);
			defaultConfigurationIsVisible = 0;
			defaultConfigurationName = Release;
		};
		29B9C966237F42A30035EF0B /* Build configuration list for PBXNativeTarget "CinemaTests" */ = {
			isa = XCConfigurationList;
			buildConfigurations = (
				29B9C964237F42A30035EF0B /* Debug */,
				29B9C965237F42A30035EF0B /* Release */,
			);
			defaultConfigurationIsVisible = 0;
			defaultConfigurationName = Release;
		};
		29E99C342402F5E7003A4141 /* Build configuration list for PBXNativeTarget "CinemaUITests" */ = {
			isa = XCConfigurationList;
			buildConfigurations = (
				29E99C322402F5E7003A4141 /* Debug */,
				29E99C332402F5E7003A4141 /* Release */,
			);
			defaultConfigurationIsVisible = 0;
			defaultConfigurationName = Release;
		};
/* End XCConfigurationList section */
	};
	rootObject = 2904C7582336982B00407B64 /* Project object */;
}
